# THIS IS AN AUTOGENERATED FILE. DO NOT EDIT THIS FILE DIRECTLY.
# yarn lockfile v1


"@calcit/procs@^0.9.20":
  version "0.9.20"
  resolved "https://registry.npmmirror.com/@calcit/procs/-/procs-0.9.20.tgz#f7a3d9dfbcf1ec1d227e076000ccf9724adf35a9"
  integrity sha512-vKX7lWRb+Vi9qJA/awvj9tD7oWCZ/MMxJq1Daslj8j4gwUCB511NB55eKrLsh8FFtzkYpChS2njYcB0S92jcnA==
  dependencies:
    "@calcit/ternary-tree" "0.0.25"
    "@cirru/parser.ts" "^0.0.6"
    "@cirru/writer.ts" "^0.1.5"

"@calcit/ternary-tree@0.0.25":
  version "0.0.25"
  resolved "https://registry.npmmirror.com/@calcit/ternary-tree/-/ternary-tree-0.0.25.tgz#d467cbd9a7f89ff1fdb590e5d1551aefa6a03492"
  integrity sha512-BxAAq6v7dZJDYSMX5kBVQ/eSYX7czjOS1cHM25js4yD+Q2I61RxxhD7iBaGlfNJvmgPmvYJQA5nxNmN2TEXq7A==

"@cirru/parser.ts@^0.0.6":
  version "0.0.6"
  resolved "https://registry.npmmirror.com/@cirru/parser.ts/-/parser.ts-0.0.6.tgz#b95a84e02273fcbd71ff100925782b6f86410234"
  integrity sha512-qpDNPq+IuuwYjQFI+wzpd3ntbF7lwJs90v1XWyLQbL9Ru4ld4aHxVGwW/9F/QOu5mEGCMXtagCoYDf0HtOpDZg==

"@cirru/writer.ts@^0.1.5":
  version "0.1.5"
  resolved "https://registry.npmmirror.com/@cirru/writer.ts/-/writer.ts-0.1.5.tgz#890d96cd4a69609f1682932dad5d2d467abb327e"
  integrity sha512-QQVFJAOIdUtVJZwT23THZOzumSDXCLMQ0yFz5DzIGlWGXPNBuB7BwUvGtRuiQrzM2XV7ALOWmNsVC7vEOjObQQ==

"@esbuild/aix-ppc64@0.25.11":
  version "0.25.11"
  resolved "https://registry.npmmirror.com/@esbuild/aix-ppc64/-/aix-ppc64-0.25.11.tgz#2ae33300598132cc4cf580dbbb28d30fed3c5c49"
  integrity sha512-Xt1dOL13m8u0WE8iplx9Ibbm+hFAO0GsU2P34UNoDGvZYkY8ifSiy6Zuc1lYxfG7svWE2fzqCUmFp5HCn51gJg==

"@esbuild/android-arm64@0.25.11":
  version "0.25.11"
  resolved "https://registry.npmmirror.com/@esbuild/android-arm64/-/android-arm64-0.25.11.tgz#927708b3db5d739d6cb7709136924cc81bec9b03"
  integrity sha512-9slpyFBc4FPPz48+f6jyiXOx/Y4v34TUeDDXJpZqAWQn/08lKGeD8aDp9TMn9jDz2CiEuHwfhRmGBvpnd/PWIQ==

"@esbuild/android-arm@0.25.11":
  version "0.25.11"
  resolved "https://registry.npmmirror.com/@esbuild/android-arm/-/android-arm-0.25.11.tgz#571f94e7f4068957ec4c2cfb907deae3d01b55ae"
  integrity sha512-uoa7dU+Dt3HYsethkJ1k6Z9YdcHjTrSb5NUy66ZfZaSV8hEYGD5ZHbEMXnqLFlbBflLsl89Zke7CAdDJ4JI+Gg==

"@esbuild/android-x64@0.25.11":
  version "0.25.11"
  resolved "https://registry.npmmirror.com/@esbuild/android-x64/-/android-x64-0.25.11.tgz#8a3bf5cae6c560c7ececa3150b2bde76e0fb81e6"
  integrity sha512-Sgiab4xBjPU1QoPEIqS3Xx+R2lezu0LKIEcYe6pftr56PqPygbB7+szVnzoShbx64MUupqoE0KyRlN7gezbl8g==

"@esbuild/darwin-arm64@0.25.11":
  version "0.25.11"
  resolved "https://registry.npmmirror.com/@esbuild/darwin-arm64/-/darwin-arm64-0.25.11.tgz#0a678c4ac4bf8717e67481e1a797e6c152f93c84"
  integrity sha512-VekY0PBCukppoQrycFxUqkCojnTQhdec0vevUL/EDOCnXd9LKWqD/bHwMPzigIJXPhC59Vd1WFIL57SKs2mg4w==

"@esbuild/darwin-x64@0.25.11":
  version "0.25.11"
  resolved "https://registry.npmmirror.com/@esbuild/darwin-x64/-/darwin-x64-0.25.11.tgz#70f5e925a30c8309f1294d407a5e5e002e0315fe"
  integrity sha512-+hfp3yfBalNEpTGp9loYgbknjR695HkqtY3d3/JjSRUyPg/xd6q+mQqIb5qdywnDxRZykIHs3axEqU6l1+oWEQ==

"@esbuild/freebsd-arm64@0.25.11":
  version "0.25.11"
  resolved "https://registry.npmmirror.com/@esbuild/freebsd-arm64/-/freebsd-arm64-0.25.11.tgz#4ec1db687c5b2b78b44148025da9632397553e8a"
  integrity sha512-CmKjrnayyTJF2eVuO//uSjl/K3KsMIeYeyN7FyDBjsR3lnSJHaXlVoAK8DZa7lXWChbuOk7NjAc7ygAwrnPBhA==

"@esbuild/freebsd-x64@0.25.11":
  version "0.25.11"
  resolved "https://registry.npmmirror.com/@esbuild/freebsd-x64/-/freebsd-x64-0.25.11.tgz#4c81abd1b142f1e9acfef8c5153d438ca53f44bb"
  integrity sha512-Dyq+5oscTJvMaYPvW3x3FLpi2+gSZTCE/1ffdwuM6G1ARang/mb3jvjxs0mw6n3Lsw84ocfo9CrNMqc5lTfGOw==

"@esbuild/linux-arm64@0.25.11":
  version "0.25.11"
  resolved "https://registry.npmmirror.com/@esbuild/linux-arm64/-/linux-arm64-0.25.11.tgz#69517a111acfc2b93aa0fb5eaeb834c0202ccda5"
  integrity sha512-Qr8AzcplUhGvdyUF08A1kHU3Vr2O88xxP0Tm8GcdVOUm25XYcMPp2YqSVHbLuXzYQMf9Bh/iKx7YPqECs6ffLA==

"@esbuild/linux-arm@0.25.11":
  version "0.25.11"
  resolved "https://registry.npmmirror.com/@esbuild/linux-arm/-/linux-arm-0.25.11.tgz#58dac26eae2dba0fac5405052b9002dac088d38f"
  integrity sha512-TBMv6B4kCfrGJ8cUPo7vd6NECZH/8hPpBHHlYI3qzoYFvWu2AdTvZNuU/7hsbKWqu/COU7NIK12dHAAqBLLXgw==

"@esbuild/linux-ia32@0.25.11":
  version "0.25.11"
  resolved "https://registry.npmmirror.com/@esbuild/linux-ia32/-/linux-ia32-0.25.11.tgz#b89d4efe9bdad46ba944f0f3b8ddd40834268c2b"
  integrity sha512-TmnJg8BMGPehs5JKrCLqyWTVAvielc615jbkOirATQvWWB1NMXY77oLMzsUjRLa0+ngecEmDGqt5jiDC6bfvOw==

"@esbuild/linux-loong64@0.25.11":
  version "0.25.11"
  resolved "https://registry.npmmirror.com/@esbuild/linux-loong64/-/linux-loong64-0.25.11.tgz#11f603cb60ad14392c3f5c94d64b3cc8b630fbeb"
  integrity sha512-DIGXL2+gvDaXlaq8xruNXUJdT5tF+SBbJQKbWy/0J7OhU8gOHOzKmGIlfTTl6nHaCOoipxQbuJi7O++ldrxgMw==

"@esbuild/linux-mips64el@0.25.11":
  version "0.25.11"
  resolved "https://registry.npmmirror.com/@esbuild/linux-mips64el/-/linux-mips64el-0.25.11.tgz#b7d447ff0676b8ab247d69dac40a5cf08e5eeaf5"
  integrity sha512-Osx1nALUJu4pU43o9OyjSCXokFkFbyzjXb6VhGIJZQ5JZi8ylCQ9/LFagolPsHtgw6himDSyb5ETSfmp4rpiKQ==

"@esbuild/linux-ppc64@0.25.11":
  version "0.25.11"
  resolved "https://registry.npmmirror.com/@esbuild/linux-ppc64/-/linux-ppc64-0.25.11.tgz#b3a28ed7cc252a61b07ff7c8fd8a984ffd3a2f74"
  integrity sha512-nbLFgsQQEsBa8XSgSTSlrnBSrpoWh7ioFDUmwo158gIm5NNP+17IYmNWzaIzWmgCxq56vfr34xGkOcZ7jX6CPw==

"@esbuild/linux-riscv64@0.25.11":
  version "0.25.11"
  resolved "https://registry.npmmirror.com/@esbuild/linux-riscv64/-/linux-riscv64-0.25.11.tgz#ce75b08f7d871a75edcf4d2125f50b21dc9dc273"
  integrity sha512-HfyAmqZi9uBAbgKYP1yGuI7tSREXwIb438q0nqvlpxAOs3XnZ8RsisRfmVsgV486NdjD7Mw2UrFSw51lzUk1ww==

"@esbuild/linux-s390x@0.25.11":
  version "0.25.11"
  resolved "https://registry.npmmirror.com/@esbuild/linux-s390x/-/linux-s390x-0.25.11.tgz#cd08f6c73b6b6ff9ccdaabbd3ff6ad3dca99c263"
  integrity sha512-HjLqVgSSYnVXRisyfmzsH6mXqyvj0SA7pG5g+9W7ESgwA70AXYNpfKBqh1KbTxmQVaYxpzA/SvlB9oclGPbApw==

"@esbuild/linux-x64@0.25.11":
  version "0.25.11"
  resolved "https://registry.npmmirror.com/@esbuild/linux-x64/-/linux-x64-0.25.11.tgz#3c3718af31a95d8946ebd3c32bb1e699bdf74910"
  integrity sha512-HSFAT4+WYjIhrHxKBwGmOOSpphjYkcswF449j6EjsjbinTZbp8PJtjsVK1XFJStdzXdy/jaddAep2FGY+wyFAQ==

"@esbuild/netbsd-arm64@0.25.11":
  version "0.25.11"
  resolved "https://registry.npmmirror.com/@esbuild/netbsd-arm64/-/netbsd-arm64-0.25.11.tgz#b4c767082401e3a4e8595fe53c47cd7f097c8077"
  integrity sha512-hr9Oxj1Fa4r04dNpWr3P8QKVVsjQhqrMSUzZzf+LZcYjZNqhA3IAfPQdEh1FLVUJSiu6sgAwp3OmwBfbFgG2Xg==

"@esbuild/netbsd-x64@0.25.11":
  version "0.25.11"
  resolved "https://registry.npmmirror.com/@esbuild/netbsd-x64/-/netbsd-x64-0.25.11.tgz#f2a930458ed2941d1f11ebc34b9c7d61f7a4d034"
  integrity sha512-u7tKA+qbzBydyj0vgpu+5h5AeudxOAGncb8N6C9Kh1N4n7wU1Xw1JDApsRjpShRpXRQlJLb9wY28ELpwdPcZ7A==

"@esbuild/openbsd-arm64@0.25.11":
  version "0.25.11"
  resolved "https://registry.npmmirror.com/@esbuild/openbsd-arm64/-/openbsd-arm64-0.25.11.tgz#b4ae93c75aec48bc1e8a0154957a05f0641f2dad"
  integrity sha512-Qq6YHhayieor3DxFOoYM1q0q1uMFYb7cSpLD2qzDSvK1NAvqFi8Xgivv0cFC6J+hWVw2teCYltyy9/m/14ryHg==

"@esbuild/openbsd-x64@0.25.11":
  version "0.25.11"
  resolved "https://registry.npmmirror.com/@esbuild/openbsd-x64/-/openbsd-x64-0.25.11.tgz#b42863959c8dcf9b01581522e40012d2c70045e2"
  integrity sha512-CN+7c++kkbrckTOz5hrehxWN7uIhFFlmS/hqziSFVWpAzpWrQoAG4chH+nN3Be+Kzv/uuo7zhX716x3Sn2Jduw==

"@esbuild/openharmony-arm64@0.25.11":
  version "0.25.11"
  resolved "https://registry.npmmirror.com/@esbuild/openharmony-arm64/-/openharmony-arm64-0.25.11.tgz#b2e717141c8fdf6bddd4010f0912e6b39e1640f1"
  integrity sha512-rOREuNIQgaiR+9QuNkbkxubbp8MSO9rONmwP5nKncnWJ9v5jQ4JxFnLu4zDSRPf3x4u+2VN4pM4RdyIzDty/wQ==

"@esbuild/sunos-x64@0.25.11":
  version "0.25.11"
  resolved "https://registry.npmmirror.com/@esbuild/sunos-x64/-/sunos-x64-0.25.11.tgz#9fbea1febe8778927804828883ec0f6dd80eb244"
  integrity sha512-nq2xdYaWxyg9DcIyXkZhcYulC6pQ2FuCgem3LI92IwMgIZ69KHeY8T4Y88pcwoLIjbed8n36CyKoYRDygNSGhA==

"@esbuild/win32-arm64@0.25.11":
  version "0.25.11"
  resolved "https://registry.npmmirror.com/@esbuild/win32-arm64/-/win32-arm64-0.25.11.tgz#501539cedb24468336073383989a7323005a8935"
  integrity sha512-3XxECOWJq1qMZ3MN8srCJ/QfoLpL+VaxD/WfNRm1O3B4+AZ/BnLVgFbUV3eiRYDMXetciH16dwPbbHqwe1uU0Q==

"@esbuild/win32-ia32@0.25.11":
  version "0.25.11"
  resolved "https://registry.npmmirror.com/@esbuild/win32-ia32/-/win32-ia32-0.25.11.tgz#8ac7229aa82cef8f16ffb58f1176a973a7a15343"
  integrity sha512-3ukss6gb9XZ8TlRyJlgLn17ecsK4NSQTmdIXRASVsiS2sQ6zPPZklNJT5GR5tE/MUarymmy8kCEf5xPCNCqVOA==

"@esbuild/win32-x64@0.25.11":
  version "0.25.11"
  resolved "https://registry.npmmirror.com/@esbuild/win32-x64/-/win32-x64-0.25.11.tgz#5ecda6f3fe138b7e456f4e429edde33c823f392f"
  integrity sha512-D7Hpz6A2L4hzsRpPaCYkQnGOotdUpDzSGRIv9I+1ITdHROSFUWW95ZPZWQmGka1Fg7W3zFJowyn9WGwMJ0+KPA==

"@mvc-works/codearea@^0.0.4":
  version "0.0.4"
  resolved "https://registry.npmmirror.com/@mvc-works/codearea/-/codearea-0.0.4.tgz#dde6a57b27bfe20bf9e1327a0c6420d25091c54f"
  integrity sha512-alm2SQJgKvp3slCDiTac3VF31/zHP8DcJWjzP4wA0O+zyMH1Ezd/Y34U+mjwhHysTDDMeBs/zW2NsXMv+3T3QQ==

"@rollup/rollup-android-arm-eabi@4.52.5":
  version "4.52.5"
  resolved "https://registry.npmmirror.com/@rollup/rollup-android-arm-eabi/-/rollup-android-arm-eabi-4.52.5.tgz#0f44a2f8668ed87b040b6fe659358ac9239da4db"
  integrity sha512-8c1vW4ocv3UOMp9K+gToY5zL2XiiVw3k7f1ksf4yO1FlDFQ1C2u72iACFnSOceJFsWskc2WZNqeRhFRPzv+wtQ==

"@rollup/rollup-android-arm64@4.52.5":
  version "4.52.5"
  resolved "https://registry.npmmirror.com/@rollup/rollup-android-arm64/-/rollup-android-arm64-4.52.5.tgz#25b9a01deef6518a948431564c987bcb205274f5"
  integrity sha512-mQGfsIEFcu21mvqkEKKu2dYmtuSZOBMmAl5CFlPGLY94Vlcm+zWApK7F/eocsNzp8tKmbeBP8yXyAbx0XHsFNA==

"@rollup/rollup-darwin-arm64@4.52.5":
  version "4.52.5"
  resolved "https://registry.npmmirror.com/@rollup/rollup-darwin-arm64/-/rollup-darwin-arm64-4.52.5.tgz#8a102869c88f3780c7d5e6776afd3f19084ecd7f"
  integrity sha512-takF3CR71mCAGA+v794QUZ0b6ZSrgJkArC+gUiG6LB6TQty9T0Mqh3m2ImRBOxS2IeYBo4lKWIieSvnEk2OQWA==

"@rollup/rollup-darwin-x64@4.52.5":
  version "4.52.5"
  resolved "https://registry.npmmirror.com/@rollup/rollup-darwin-x64/-/rollup-darwin-x64-4.52.5.tgz#8e526417cd6f54daf1d0c04cf361160216581956"
  integrity sha512-W901Pla8Ya95WpxDn//VF9K9u2JbocwV/v75TE0YIHNTbhqUTv9w4VuQ9MaWlNOkkEfFwkdNhXgcLqPSmHy0fA==

"@rollup/rollup-freebsd-arm64@4.52.5":
  version "4.52.5"
  resolved "https://registry.npmmirror.com/@rollup/rollup-freebsd-arm64/-/rollup-freebsd-arm64-4.52.5.tgz#0e7027054493f3409b1f219a3eac5efd128ef899"
  integrity sha512-QofO7i7JycsYOWxe0GFqhLmF6l1TqBswJMvICnRUjqCx8b47MTo46W8AoeQwiokAx3zVryVnxtBMcGcnX12LvA==

"@rollup/rollup-freebsd-x64@4.52.5":
  version "4.52.5"
  resolved "https://registry.npmmirror.com/@rollup/rollup-freebsd-x64/-/rollup-freebsd-x64-4.52.5.tgz#72b204a920139e9ec3d331bd9cfd9a0c248ccb10"
  integrity sha512-jr21b/99ew8ujZubPo9skbrItHEIE50WdV86cdSoRkKtmWa+DDr6fu2c/xyRT0F/WazZpam6kk7IHBerSL7LDQ==

"@rollup/rollup-linux-arm-gnueabihf@4.52.5":
  version "4.52.5"
  resolved "https://registry.npmmirror.com/@rollup/rollup-linux-arm-gnueabihf/-/rollup-linux-arm-gnueabihf-4.52.5.tgz#ab1b522ebe5b7e06c99504cc38f6cd8b808ba41c"
  integrity sha512-PsNAbcyv9CcecAUagQefwX8fQn9LQ4nZkpDboBOttmyffnInRy8R8dSg6hxxl2Re5QhHBf6FYIDhIj5v982ATQ==

"@rollup/rollup-linux-arm-musleabihf@4.52.5":
  version "4.52.5"
  resolved "https://registry.npmmirror.com/@rollup/rollup-linux-arm-musleabihf/-/rollup-linux-arm-musleabihf-4.52.5.tgz#f8cc30b638f1ee7e3d18eac24af47ea29d9beb00"
  integrity sha512-Fw4tysRutyQc/wwkmcyoqFtJhh0u31K+Q6jYjeicsGJJ7bbEq8LwPWV/w0cnzOqR2m694/Af6hpFayLJZkG2VQ==

"@rollup/rollup-linux-arm64-gnu@4.52.5":
  version "4.52.5"
  resolved "https://registry.npmmirror.com/@rollup/rollup-linux-arm64-gnu/-/rollup-linux-arm64-gnu-4.52.5.tgz#7af37a9e85f25db59dc8214172907b7e146c12cc"
  integrity sha512-a+3wVnAYdQClOTlyapKmyI6BLPAFYs0JM8HRpgYZQO02rMR09ZcV9LbQB+NL6sljzG38869YqThrRnfPMCDtZg==

"@rollup/rollup-linux-arm64-musl@4.52.5":
  version "4.52.5"
  resolved "https://registry.npmmirror.com/@rollup/rollup-linux-arm64-musl/-/rollup-linux-arm64-musl-4.52.5.tgz#a623eb0d3617c03b7a73716eb85c6e37b776f7e0"
  integrity sha512-AvttBOMwO9Pcuuf7m9PkC1PUIKsfaAJ4AYhy944qeTJgQOqJYJ9oVl2nYgY7Rk0mkbsuOpCAYSs6wLYB2Xiw0Q==

"@rollup/rollup-linux-loong64-gnu@4.52.5":
  version "4.52.5"
  resolved "https://registry.npmmirror.com/@rollup/rollup-linux-loong64-gnu/-/rollup-linux-loong64-gnu-4.52.5.tgz#76ea038b549c5c6c5f0d062942627c4066642ee2"
  integrity sha512-DkDk8pmXQV2wVrF6oq5tONK6UHLz/XcEVow4JTTerdeV1uqPeHxwcg7aFsfnSm9L+OO8WJsWotKM2JJPMWrQtA==

"@rollup/rollup-linux-ppc64-gnu@4.52.5":
  version "4.52.5"
  resolved "https://registry.npmmirror.com/@rollup/rollup-linux-ppc64-gnu/-/rollup-linux-ppc64-gnu-4.52.5.tgz#d9a4c3f0a3492bc78f6fdfe8131ac61c7359ccd5"
  integrity sha512-W/b9ZN/U9+hPQVvlGwjzi+Wy4xdoH2I8EjaCkMvzpI7wJUs8sWJ03Rq96jRnHkSrcHTpQe8h5Tg3ZzUPGauvAw==

"@rollup/rollup-linux-riscv64-gnu@4.52.5":
  version "4.52.5"
  resolved "https://registry.npmmirror.com/@rollup/rollup-linux-riscv64-gnu/-/rollup-linux-riscv64-gnu-4.52.5.tgz#87ab033eebd1a9a1dd7b60509f6333ec1f82d994"
  integrity sha512-sjQLr9BW7R/ZiXnQiWPkErNfLMkkWIoCz7YMn27HldKsADEKa5WYdobaa1hmN6slu9oWQbB6/jFpJ+P2IkVrmw==

"@rollup/rollup-linux-riscv64-musl@4.52.5":
  version "4.52.5"
  resolved "https://registry.npmmirror.com/@rollup/rollup-linux-riscv64-musl/-/rollup-linux-riscv64-musl-4.52.5.tgz#bda3eb67e1c993c1ba12bc9c2f694e7703958d9f"
  integrity sha512-hq3jU/kGyjXWTvAh2awn8oHroCbrPm8JqM7RUpKjalIRWWXE01CQOf/tUNWNHjmbMHg/hmNCwc/Pz3k1T/j/Lg==

"@rollup/rollup-linux-s390x-gnu@4.52.5":
  version "4.52.5"
  resolved "https://registry.npmmirror.com/@rollup/rollup-linux-s390x-gnu/-/rollup-linux-s390x-gnu-4.52.5.tgz#f7bc10fbe096ab44694233dc42a2291ed5453d4b"
  integrity sha512-gn8kHOrku8D4NGHMK1Y7NA7INQTRdVOntt1OCYypZPRt6skGbddska44K8iocdpxHTMMNui5oH4elPH4QOLrFQ==

"@rollup/rollup-linux-x64-gnu@4.52.5":
  version "4.52.5"
  resolved "https://registry.npmmirror.com/@rollup/rollup-linux-x64-gnu/-/rollup-linux-x64-gnu-4.52.5.tgz#a151cb1234cc9b2cf5e8cfc02aa91436b8f9e278"
  integrity sha512-hXGLYpdhiNElzN770+H2nlx+jRog8TyynpTVzdlc6bndktjKWyZyiCsuDAlpd+j+W+WNqfcyAWz9HxxIGfZm1Q==

"@rollup/rollup-linux-x64-musl@4.52.5":
  version "4.52.5"
  resolved "https://registry.npmmirror.com/@rollup/rollup-linux-x64-musl/-/rollup-linux-x64-musl-4.52.5.tgz#7859e196501cc3b3062d45d2776cfb4d2f3a9350"
  integrity sha512-arCGIcuNKjBoKAXD+y7XomR9gY6Mw7HnFBv5Rw7wQRvwYLR7gBAgV7Mb2QTyjXfTveBNFAtPt46/36vV9STLNg==

"@rollup/rollup-openharmony-arm64@4.52.5":
  version "4.52.5"
  resolved "https://registry.npmmirror.com/@rollup/rollup-openharmony-arm64/-/rollup-openharmony-arm64-4.52.5.tgz#85d0df7233734df31e547c1e647d2a5300b3bf30"
  integrity sha512-QoFqB6+/9Rly/RiPjaomPLmR/13cgkIGfA40LHly9zcH1S0bN2HVFYk3a1eAyHQyjs3ZJYlXvIGtcCs5tko9Cw==

"@rollup/rollup-win32-arm64-msvc@4.52.5":
  version "4.52.5"
  resolved "https://registry.npmmirror.com/@rollup/rollup-win32-arm64-msvc/-/rollup-win32-arm64-msvc-4.52.5.tgz#e62357d00458db17277b88adbf690bb855cac937"
  integrity sha512-w0cDWVR6MlTstla1cIfOGyl8+qb93FlAVutcor14Gf5Md5ap5ySfQ7R9S/NjNaMLSFdUnKGEasmVnu3lCMqB7w==

"@rollup/rollup-win32-ia32-msvc@4.52.5":
  version "4.52.5"
  resolved "https://registry.npmmirror.com/@rollup/rollup-win32-ia32-msvc/-/rollup-win32-ia32-msvc-4.52.5.tgz#fc7cd40f44834a703c1f1c3fe8bcc27ce476cd50"
  integrity sha512-Aufdpzp7DpOTULJCuvzqcItSGDH73pF3ko/f+ckJhxQyHtp67rHw3HMNxoIdDMUITJESNE6a8uh4Lo4SLouOUg==

"@rollup/rollup-win32-x64-gnu@4.52.5":
  version "4.52.5"
  resolved "https://registry.npmmirror.com/@rollup/rollup-win32-x64-gnu/-/rollup-win32-x64-gnu-4.52.5.tgz#1a22acfc93c64a64a48c42672e857ee51774d0d3"
  integrity sha512-UGBUGPFp1vkj6p8wCRraqNhqwX/4kNQPS57BCFc8wYh0g94iVIW33wJtQAx3G7vrjjNtRaxiMUylM0ktp/TRSQ==

"@rollup/rollup-win32-x64-msvc@4.52.5":
  version "4.52.5"
  resolved "https://registry.npmmirror.com/@rollup/rollup-win32-x64-msvc/-/rollup-win32-x64-msvc-4.52.5.tgz#1657f56326bbe0ac80eedc9f9c18fc1ddd24e107"
  integrity sha512-TAcgQh2sSkykPRWLrdyy2AiceMckNf5loITqXxFI5VuQjS5tSuw3WlwdN8qv8vzjLAUTvYaH/mVjSFpbkFbpTg==

"@types/estree@1.0.8":
  version "1.0.8"
  resolved "https://registry.npmmirror.com/@types/estree/-/estree-1.0.8.tgz#958b91c991b1867ced318bedea0e215ee050726e"
  integrity sha512-dWHzHa2WqEXI/O1E9OjrocMTKJl2mSrEolh1Iomrv6U+JuNwaHXsXx9bLu5gG7BUWFIN0skIQJQ/L1rIex4X6w==

bottom-tip@^0.1.5:
  version "0.1.5"
  resolved "https://registry.npmmirror.com/bottom-tip/-/bottom-tip-0.1.5.tgz#ca81e738fba6ae956a5b4c55a78a127820c9b99e"
  integrity sha512-53RCkWg6hY8M7Y9lPgU2f2bAEejQh0H6SCL9B8ufFdYAOAH/cUEwxSsBIH0AcPbOcNaSgdEJr9OhdnTUENe5bA==
  dependencies:
    nanoid "^4.0.1"
    virtual-dom "^2.1.1"

browser-split@0.0.1:
  version "0.0.1"
  resolved "https://registry.npmmirror.com/browser-split/-/browser-split-0.0.1.tgz#7b097574f8e3ead606fb4664e64adfdda2981a93"
  integrity sha512-JhvgRb2ihQhsljNda3BI8/UcRHVzrVwo3Q+P8vDtSiyobXuFpuZ9mq+MbRGMnC22CjW3RrfXdg6j6ITX8M+7Ow==

camelize@^1.0.0:
  version "1.0.1"
  resolved "https://registry.npmmirror.com/camelize/-/camelize-1.0.1.tgz#89b7e16884056331a35d6b5ad064332c91daa6c3"
  integrity sha512-dU+Tx2fsypxTgtLoE36npi3UqcjSSMNYfkqgmoEhtZrraP5VWq0K7FkWVTYa8eMPtnU/G2txVsfdCJTn9uzpuQ==

classnames@^2.2.5:
  version "2.5.1"
  resolved "https://registry.npmmirror.com/classnames/-/classnames-2.5.1.tgz#ba774c614be0f016da105c858e7159eae8e7687b"
  integrity sha512-saHYOzhIQs6wy2sVxTM6bUDsQO4F50V9RQ22qBpEdCW+I+/Wmke2HOl6lS6dTpdxVhb88/I6+Hs+438c3lfUow==

coffeescript@1.12.7:
  version "1.12.7"
  resolved "https://registry.npmmirror.com/coffeescript/-/coffeescript-1.12.7.tgz#e57ee4c4867cf7f606bfc4a0f2d550c0981ddd27"
  integrity sha512-pLXHFxQMPklVoEekowk8b3erNynC+DVJzChxS/LCBBgR6/8AJkHivkm//zbowcfc7BTCAjryuhx6gPqPRfsFoA==

coffeescript@^2.7.0:
  version "2.7.0"
  resolved "https://registry.npmmirror.com/coffeescript/-/coffeescript-2.7.0.tgz#a43ec03be6885d6d1454850ea70b9409c391279c"
  integrity sha512-hzWp6TUE2d/jCcN67LrW1eh5b/rSDKQK6oD6VMLlggYVUUFexgTH9z3dNYihzX4RMhze5FTUsUmOXViJKFQR/A==

commander@latest:
  version "14.0.2"
  resolved "https://registry.npmmirror.com/commander/-/commander-14.0.2.tgz#b71fd37fe4069e4c3c7c13925252ada4eba14e8e"
  integrity sha512-TywoWNNRbhoD0BXs1P3ZEScW8W5iKrnbithIl0YH+uCmBd0QpPOA8yc82DS3BIE5Ma6FnBVUsJ7wVUDz4dvOWQ==

copy-text-to-clipboard@^3.2.2:
  version "3.2.2"
  resolved "https://registry.npmmirror.com/copy-text-to-clipboard/-/copy-text-to-clipboard-3.2.2.tgz#99bc79db3f2d355ec33a08d573aff6804491ddb9"
  integrity sha512-T6SqyLd1iLuqPA90J5N4cTalrtovCySh58iiZDGJ6FGznbclKh4UI+FGacQSgFzwKG77W7XT5gwbVEbd9cIH1A==

core-js@^3.1.3:
  version "3.46.0"
  resolved "https://registry.npmmirror.com/core-js/-/core-js-3.46.0.tgz#323a092b96381a9184d0cd49ee9083b2f93373bb"
  integrity sha512-vDMm9B0xnqqZ8uSBpZ8sNtRtOdmfShrvT6h2TuQGLs0Is+cR0DYbj/KWP6ALVNbWPpqA/qPLoOuppJN07humpA==

cson-parser@^4.0.9:
  version "4.0.9"
  resolved "https://registry.npmmirror.com/cson-parser/-/cson-parser-4.0.9.tgz#eef0cf77edd057f97861ef800300c8239224eedb"
  integrity sha512-I79SAcCYquWnEfXYj8hBqOOWKj6eH6zX1hhX3yqmS4K3bYp7jME3UFpHPzu3rUew0oyfc0s8T6IlWGXRAheHag==
  dependencies:
    coffeescript "1.12.7"

cson@^8.4.0:
  version "8.4.0"
  resolved "https://registry.npmmirror.com/cson/-/cson-8.4.0.tgz#b843eddb9e409758182fec424666b99cc2c1b4f4"
  integrity sha512-QwXDbiJodA3DFEKA888zTED28EZo2JC7EK2K3qVsUVbE0oKQVRZ4K+Ch/I8QaTYPZ9Q0GXG1BFK5dtcxd6C3mg==
  dependencies:
    cson-parser "^4.0.9"
    extract-opts "^5.8.0"
    requirefresh "^5.13.0"
    safefs "^8.9.0"

dom-walk@^0.1.0:
  version "0.1.2"
  resolved "https://registry.npmmirror.com/dom-walk/-/dom-walk-0.1.2.tgz#0c548bef048f4d1f2a97249002236060daa3fd84"
  integrity sha512-6QvTW9mrGeIegrFXdtQi9pk7O/nSK6lSdXW2eqUspN5LWD7UTji2Fqw5V2YLjBpHEoU9Xl/eUWNpDeZvoyOv2w==

eachr@^7.4.0:
  version "7.4.0"
  resolved "https://registry.npmmirror.com/eachr/-/eachr-7.4.0.tgz#379350664095cf441fdb59591f8d6345e71d3b7b"
  integrity sha512-d6v/ERRrwxZ5oNHJz2Z5Oouge0Xc3rFxeaGNHjAhTDUCkLhy8t583ieH9/Qop1UNDTcZXOSEs8dqawmbHaEEkA==
  dependencies:
    editions "^6.21.0"
    typechecker "^9.3.0"

editions@^6.20.0, editions@^6.21.0:
  version "6.22.0"
  resolved "https://registry.npmmirror.com/editions/-/editions-6.22.0.tgz#3913c4eea9aa4586e17bcd25d64d5edf1790657a"
  integrity sha512-UgGlf8IW75je7HZjNDpJdCv4cGJWIi6yumFdZ0R7A8/CIhQiWUjyGLCxdHpd8bmyD1gnkfUNK0oeOXqUS2cpfQ==
  dependencies:
    version-range "^4.15.0"

equals@latest:
  version "1.0.5"
  resolved "https://registry.npmmirror.com/equals/-/equals-1.0.5.tgz#212062dde5e1a510d955f13598efcc6a621b6ace"
  integrity sha512-wI15a6ZoaaXPv+55+Vh2Kqn3+efKRv8QPtcGTjW5xmanMnQzESdAt566jevtMZyt3W/jwLDTzXpMph5ECDJ2zg==
  dependencies:
    jkroso-type "1"

error@^4.3.0:
  version "4.4.0"
  resolved "https://registry.npmmirror.com/error/-/error-4.4.0.tgz#bf69ff251fb4a279c19adccdaa6b61e90d9bf12a"
  integrity sha512-SNDKualLUtT4StGFP7xNfuFybL2f6iJujFtrWuvJqGbVQGaN+adE23veqzPz1hjUjTunLi2EnJ+0SJxtbJreKw==
  dependencies:
    camelize "^1.0.0"
    string-template "~0.2.0"
    xtend "~4.0.0"

esbuild@^0.25.0:
  version "0.25.11"
  resolved "https://registry.npmmirror.com/esbuild/-/esbuild-0.25.11.tgz#0f31b82f335652580f75ef6897bba81962d9ae3d"
  integrity sha512-KohQwyzrKTQmhXDW1PjCv3Tyspn9n5GcY2RTDqeORIdIJY8yKIF7sTSopFmn/wpMPW4rdPXI0UE5LJLuq3bx0Q==
  optionalDependencies:
    "@esbuild/aix-ppc64" "0.25.11"
    "@esbuild/android-arm" "0.25.11"
    "@esbuild/android-arm64" "0.25.11"
    "@esbuild/android-x64" "0.25.11"
    "@esbuild/darwin-arm64" "0.25.11"
    "@esbuild/darwin-x64" "0.25.11"
    "@esbuild/freebsd-arm64" "0.25.11"
    "@esbuild/freebsd-x64" "0.25.11"
    "@esbuild/linux-arm" "0.25.11"
    "@esbuild/linux-arm64" "0.25.11"
    "@esbuild/linux-ia32" "0.25.11"
    "@esbuild/linux-loong64" "0.25.11"
    "@esbuild/linux-mips64el" "0.25.11"
    "@esbuild/linux-ppc64" "0.25.11"
    "@esbuild/linux-riscv64" "0.25.11"
    "@esbuild/linux-s390x" "0.25.11"
    "@esbuild/linux-x64" "0.25.11"
    "@esbuild/netbsd-arm64" "0.25.11"
    "@esbuild/netbsd-x64" "0.25.11"
    "@esbuild/openbsd-arm64" "0.25.11"
    "@esbuild/openbsd-x64" "0.25.11"
    "@esbuild/openharmony-arm64" "0.25.11"
    "@esbuild/sunos-x64" "0.25.11"
    "@esbuild/win32-arm64" "0.25.11"
    "@esbuild/win32-ia32" "0.25.11"
    "@esbuild/win32-x64" "0.25.11"

ev-store@^7.0.0:
  version "7.0.0"
  resolved "https://registry.npmmirror.com/ev-store/-/ev-store-7.0.0.tgz#1ab0c7f82136505dd74b31d17701cb2be6d26558"
  integrity sha512-otazchNRnGzp2YarBJ+GXKVGvhxVATB1zmaStxJBYet0Dyq7A9VhH8IUEB/gRcL6Ch52lfpgPTRJ2m49epyMsQ==
  dependencies:
    individual "^3.0.0"

extract-opts@^5.8.0:
  version "5.9.0"
  resolved "https://registry.npmmirror.com/extract-opts/-/extract-opts-5.9.0.tgz#85f3c2a638c1ddad2ede80c064614f8cbb21cbc8"
  integrity sha512-UN5d1xtD3cQQNmE2OVsP5ij1dCDgpK5bmOxyMEXc8KaZ/YLCV0ge/RxBGG3fy7KVnxsjekwutzmzRVInQtaB4Q==
  dependencies:
    eachr "^7.4.0"
    editions "^6.21.0"
    typechecker "^9.3.0"

fdir@^6.5.0:
  version "6.5.0"
  resolved "https://registry.npmmirror.com/fdir/-/fdir-6.5.0.tgz#ed2ab967a331ade62f18d077dae192684d50d350"
  integrity sha512-tIbYtZbucOs0BRGqPJkshJUYdL+SDH7dVM8gjy+ERp3WAUjLEFJE+02kanyHtwjWOnwrKYBiwAmM0p4kLJAnXg==

feather-icons@^4.29.2:
  version "4.29.2"
  resolved "https://registry.npmmirror.com/feather-icons/-/feather-icons-4.29.2.tgz#b03a47588a1c400f215e884504db1c18860d89f8"
  integrity sha512-0TaCFTnBTVCz6U+baY2UJNKne5ifGh7sMG4ZC2LoBWCZdIyPa+y6UiR4lEYGws1JOFWdee8KAsAIvu0VcXqiqA==
  dependencies:
    classnames "^2.2.5"
    core-js "^3.1.3"

fracturedjsonjs@^4.1.1:
  version "4.1.1"
  resolved "https://registry.npmmirror.com/fracturedjsonjs/-/fracturedjsonjs-4.1.1.tgz#6c8f7b00074a9b6f4df25afb6c1030ddc9b4f934"
  integrity sha512-zpxgrF586btwidqdDRggOviFnihJh2uqompWfV8EkSd0zPROgQKToY2QCPkG+2uzHvt1fmRkqZIWklAnsKuRsA==

fsevents@~2.3.2, fsevents@~2.3.3:
  version "2.3.3"
  resolved "https://registry.npmmirror.com/fsevents/-/fsevents-2.3.3.tgz#cac6407785d03675a2a5e1a5305c697b347d90d6"
  integrity sha512-5xoDfX+fL7faATnagmWPpbFtwh/R77WmMMqqHGS65C3vvB0YHrgF+B1YmZ3441tMj5n63k0212XNoJwzlhffQw==

global@^4.3.0:
  version "4.4.0"
  resolved "https://registry.npmmirror.com/global/-/global-4.4.0.tgz#3e7b105179006a323ed71aafca3e9c57a5cc6406"
  integrity sha512-wv/LAoHdRE3BeTGz53FAamhGlPLhlssK45usmGFThIi4XqnBmjKQ16u+RNbP7WvigRZDxUsM0J3gcQ5yicaL0w==
  dependencies:
    min-document "^2.19.0"
    process "^0.11.10"

graceful-fs@^4.2.11:
  version "4.2.11"
  resolved "https://registry.npmmirror.com/graceful-fs/-/graceful-fs-4.2.11.tgz#4183e4e8bf08bb6e05bbb2f7d2e0c8f712ca40e3"
  integrity sha512-RbJ5/jmFcNNCcDV5o9eTnBLJ/HszWV0P73bc+Ff4nS/rJj+YaS6IGyiOL0VoBYX+l1Wrl3k63h/KrH+nhJ0XvQ==

individual@^3.0.0:
  version "3.0.0"
  resolved "https://registry.npmmirror.com/individual/-/individual-3.0.0.tgz#e7ca4f85f8957b018734f285750dc22ec2f9862d"
  integrity sha512-rUY5vtT748NMRbEMrTNiFfy29BgGZwGXUi2NFUVMWQrogSLzlJvQV9eeMWi+g1aVaQ53tpyLAQtd5x/JH0Nh1g==

is-object@^1.0.1:
  version "1.0.2"
  resolved "https://registry.npmmirror.com/is-object/-/is-object-1.0.2.tgz#a56552e1c665c9e950b4a025461da87e72f86fcf"
  integrity sha512-2rRIahhZr2UWb45fIOuvZGpFtz0TyOZLf32KxBbSoUCeZR495zCKlWUKKUByk3geS2eAs7ZAABt0Y/Rx0GiQGA==

jkroso-type@1:
  version "1.1.1"
  resolved "https://registry.npmmirror.com/jkroso-type/-/jkroso-type-1.1.1.tgz#bc4ced6d6c45fe0745282bafc86a9f8c4fc9ce61"
  integrity sha512-zZgay+fPG6PgMUrpyFADmQmvLo39+AZa7Gc5pZhev2RhDxwANEq2etwD8d0e6rTg5NkwOIlQmaEmns3draC6Ng==

jsedn@^0.4.1:
  version "0.4.1"
  resolved "https://registry.npmmirror.com/jsedn/-/jsedn-0.4.1.tgz#5155f567450a7b94078414efdda90338a5d339c1"
  integrity sha512-ZzdF1smvJyiydoBJFYbXLx52wz6VIaAyDT4fGTmtdP6B7zrGCBzUI/0+QFIKoUmwgbHPSpzljdjkbHQHKWf8CQ==
  dependencies:
    commander latest
    equals latest
    type-component latest

json5@^2.2.3:
  version "2.2.3"
  resolved "https://registry.npmmirror.com/json5/-/json5-2.2.3.tgz#78cd6f1a19bdc12b73db5ad0c61efd66c1e29283"
  integrity sha512-XmOWe7eyHYH14cLdVPoyg+GOH3rYX++KpzrylJwSW98t3Nk+U8XOl8FWKOgwtzdb8lXGf6zYwDUzeHMWfxasyg==

min-document@^2.19.0:
  version "2.19.0"
  resolved "https://registry.npmmirror.com/min-document/-/min-document-2.19.0.tgz#7bd282e3f5842ed295bb748cdd9f1ffa2c824685"
  integrity sha512-9Wy1B3m3f66bPPmU5hdA4DR4PB2OfDU/+GS3yAB7IQozE3tqXaVv2zOjgla7MEGSRv95+ILmOuvhLkOK6wJtCQ==
  dependencies:
    dom-walk "^0.1.0"

nanoid@^3.3.11, nanoid@^3.3.8:
  version "3.3.11"
  resolved "https://registry.npmmirror.com/nanoid/-/nanoid-3.3.11.tgz#4f4f112cefbe303202f2199838128936266d185b"
  integrity sha512-N8SpfPUnUp1bK+PMYW8qSWdl9U+wwNWI4QKxOYDy9JAro3WMX7p2OeVRF9v+347pnakNevPmiHhNmZ2HbFA76w==

nanoid@^4.0.1:
  version "4.0.2"
  resolved "https://registry.npmmirror.com/nanoid/-/nanoid-4.0.2.tgz#140b3c5003959adbebf521c170f282c5e7f9fb9e"
  integrity sha512-7ZtY5KTCNheRGfEFxnedV5zFiORN1+Y1N6zvPTnHQd8ENUvfaDBeuJDZb2bN/oXwXxu3qkTXDzy57W5vAmDTBw==

next-tick@^0.2.2:
  version "0.2.2"
  resolved "https://registry.npmmirror.com/next-tick/-/next-tick-0.2.2.tgz#75da4a927ee5887e39065880065b7336413b310d"
  integrity sha512-f7h4svPtl+QidoBv4taKXUjJ70G2asaZ8G28nS0OkqaalX8dwwrtWtyxEDPK62AC00ur/+/E0pUwBwY5EPn15Q==

picocolors@^1.1.1:
  version "1.1.1"
  resolved "https://registry.npmmirror.com/picocolors/-/picocolors-1.1.1.tgz#3d321af3eab939b083c8f929a1d12cda81c26b6b"
  integrity sha512-xceH2snhtb5M9liqDsmEw56le376mTZkEX/jEb/RxNFyegNul7eNslCXP9FDj/Lcu0X8KEyMceP2ntpaHrDEVA==

picomatch@^4.0.3:
  version "4.0.3"
  resolved "https://registry.npmmirror.com/picomatch/-/picomatch-4.0.3.tgz#796c76136d1eead715db1e7bad785dedd695a042"
  integrity sha512-5gTmgEY/sqK6gFXLIsQNH19lWb4ebPDLA4SdLP7dsWkIXHWlG66oPuVvXSGFPppYZz8ZDZq0dYYrbHfBCVUb1Q==

postcss@^8.5.6:
  version "8.5.6"
  resolved "https://registry.npmmirror.com/postcss/-/postcss-8.5.6.tgz#2825006615a619b4f62a9e7426cc120b349a8f3c"
  integrity sha512-3Ybi1tAuwAP9s0r1UQ2J4n5Y0G05bJkpUIO0/bI9MhwmD70S5aTWbXGBwxHrelT+XM1k6dM0pk+SwNkpTRN7Pg==
  dependencies:
    nanoid "^3.3.11"
    picocolors "^1.1.1"
    source-map-js "^1.2.1"

process@^0.11.10:
  version "0.11.10"
  resolved "https://registry.npmmirror.com/process/-/process-0.11.10.tgz#7332300e840161bda3e69a1d1d91a7d4bc16f182"
  integrity sha512-cdGef/drWFoydD1JsMzuFf8100nZl+GT+yacc2bEced5f9Rjk4z+WtFUTBu9PhOi9j/jfmBPu0mMEY4wIdAF8A==

requirefresh@^5.13.0:
  version "5.13.0"
  resolved "https://registry.npmmirror.com/requirefresh/-/requirefresh-5.13.0.tgz#4a91b5e6a7934fcc2ac1c4f40f750a1e2ad7d8f2"
  integrity sha512-v3BuU/AAKjDqgIig1xyekcBHtujCAghuFTOQ7YNAngEKtTksSS1vT9Abt1ilbmQFAD4ChHHGJ3JSNbqvEOIxkQ==

rollup@^4.43.0:
  version "4.52.5"
  resolved "https://registry.npmmirror.com/rollup/-/rollup-4.52.5.tgz#96982cdcaedcdd51b12359981f240f94304ec235"
  integrity sha512-3GuObel8h7Kqdjt0gxkEzaifHTqLVW56Y/bjN7PSQtkKr0w3V/QYSdt6QWYtd7A1xUtYQigtdUfgj1RvWVtorw==
  dependencies:
    "@types/estree" "1.0.8"
  optionalDependencies:
    "@rollup/rollup-android-arm-eabi" "4.52.5"
    "@rollup/rollup-android-arm64" "4.52.5"
    "@rollup/rollup-darwin-arm64" "4.52.5"
    "@rollup/rollup-darwin-x64" "4.52.5"
    "@rollup/rollup-freebsd-arm64" "4.52.5"
    "@rollup/rollup-freebsd-x64" "4.52.5"
    "@rollup/rollup-linux-arm-gnueabihf" "4.52.5"
    "@rollup/rollup-linux-arm-musleabihf" "4.52.5"
    "@rollup/rollup-linux-arm64-gnu" "4.52.5"
    "@rollup/rollup-linux-arm64-musl" "4.52.5"
    "@rollup/rollup-linux-loong64-gnu" "4.52.5"
    "@rollup/rollup-linux-ppc64-gnu" "4.52.5"
    "@rollup/rollup-linux-riscv64-gnu" "4.52.5"
    "@rollup/rollup-linux-riscv64-musl" "4.52.5"
    "@rollup/rollup-linux-s390x-gnu" "4.52.5"
    "@rollup/rollup-linux-x64-gnu" "4.52.5"
    "@rollup/rollup-linux-x64-musl" "4.52.5"
    "@rollup/rollup-openharmony-arm64" "4.52.5"
    "@rollup/rollup-win32-arm64-msvc" "4.52.5"
    "@rollup/rollup-win32-ia32-msvc" "4.52.5"
    "@rollup/rollup-win32-x64-gnu" "4.52.5"
    "@rollup/rollup-win32-x64-msvc" "4.52.5"
    fsevents "~2.3.2"

safefs@^8.9.0:
  version "8.10.0"
  resolved "https://registry.npmmirror.com/safefs/-/safefs-8.10.0.tgz#63400de6a630ebb6d1e42a517b15e3a17ab9180a"
  integrity sha512-ZHnuws4iLc5vB6kxU/MpGEZO7Fz80zIEOJw6VgRAroa/PeJB/jcc2KEXxWA0Izpx+W728j398DxQRx1RU+KXIg==
  dependencies:
    graceful-fs "^4.2.11"
    version-compare "^3.10.0"

shortid@^2.2.17:
  version "2.2.17"
  resolved "https://registry.npmmirror.com/shortid/-/shortid-2.2.17.tgz#ea87297a36b7edd10a57818fbac5be798e0994bb"
  integrity sha512-GpbM3gLF1UUXZvQw6MCyulHkWbRseNO4cyBEZresZRorwl1+SLu1ZdqgVtuwqz8mB6RpwPkm541mYSqrKyJSaA==
  dependencies:
    nanoid "^3.3.8"

source-map-js@^1.2.1:
  version "1.2.1"
  resolved "https://registry.npmmirror.com/source-map-js/-/source-map-js-1.2.1.tgz#1ce5650fddd87abc099eda37dcff024c2667ae46"
  integrity sha512-UXWMKhLOwVKb728IUtQPXxfYU+usdybtUrK/8uGE8CQMvrhOpwvzDBwj0QhSL7MQc7vIsISBG8VQ8+IDQxpfQA==

string-template@~0.2.0:
  version "0.2.1"
  resolved "https://registry.npmmirror.com/string-template/-/string-template-0.2.1.tgz#42932e598a352d01fc22ec3367d9d84eec6c9add"
  integrity sha512-Yptehjogou2xm4UJbxJ4CxgZx12HBfeystp0y3x7s4Dj32ltVVG1Gg8YhKjHZkHicuKpZX/ffilA8505VbUbpw==

tinyglobby@^0.2.15:
  version "0.2.15"
  resolved "https://registry.npmmirror.com/tinyglobby/-/tinyglobby-0.2.15.tgz#e228dd1e638cea993d2fdb4fcd2d4602a79951c2"
  integrity sha512-j2Zq4NyQYG5XMST4cbs02Ak8iJUdxRM0XI5QyxXuZOzKOINmWurp3smXu3y5wDcJrptwpSjgXHzIQxR0omXljQ==
  dependencies:
    fdir "^6.5.0"
    picomatch "^4.0.3"

type-component@latest:
  version "0.0.1"
  resolved "https://registry.npmmirror.com/type-component/-/type-component-0.0.1.tgz#952a6c81c21efd24d13d811d0c8498cb860e1956"
  integrity sha512-mDZRBQS2yZkwRQKfjJvQ8UIYJeBNNWCq+HBNstl9N5s9jZ4dkVYXEGkVPsSCEh5Ld4JM1kmrZTzjnrqSAIQ7dw==

typechecker@^9.3.0:
  version "9.3.0"
  resolved "https://registry.npmmirror.com/typechecker/-/typechecker-9.3.0.tgz#3ec893922a5cc0c0e42007ebfb6f8444e0380a7d"
  integrity sha512-7NKr0EkLaL5fkYE56DPwqgQx1FjepvDRZ64trUgb1NgeFqLkaZThI2L33vFJzN4plVyAN5zWcov57QcZIU3bjg==
  dependencies:
    editions "^6.20.0"

version-compare@^3.10.0:
  version "3.12.0"
  resolved "https://registry.npmmirror.com/version-compare/-/version-compare-3.12.0.tgz#b25a1a0b53d3e86820325f19c818e60c890085da"
  integrity sha512-okm2QaHSGDCOH58HGbfv7aWDVDvJouaZmzJF126CkWsZ7x5fQA/3pSACHM9gXPKfOvV3oOnb5gYyt8feSJqGrw==
  dependencies:
    editions "^6.21.0"

version-range@^4.15.0:
  version "4.15.0"
  resolved "https://registry.npmmirror.com/version-range/-/version-range-4.15.0.tgz#89df1e921b14d37515aab5e42ed4ac0515cab2c1"
  integrity sha512-Ck0EJbAGxHwprkzFO966t4/5QkRuzh+/I1RxhLgUKKwEn+Cd8NwM60mE3AqBZg5gYODoXW0EFsQvbZjRlvdqbg==

virtual-dom@^2.1.1:
  version "2.1.1"
  resolved "https://registry.npmmirror.com/virtual-dom/-/virtual-dom-2.1.1.tgz#80eda2d481b9ede0c049118cefcb4a05f21d1375"
  integrity sha512-wb6Qc9Lbqug0kRqo/iuApfBpJJAq14Sk1faAnSmtqXiwahg7PVTvWMs9L02Z8nNIMqbwsxzBAA90bbtRLbw0zg==
  dependencies:
    browser-split "0.0.1"
    error "^4.3.0"
    ev-store "^7.0.0"
    global "^4.3.0"
    is-object "^1.0.1"
    next-tick "^0.2.2"
    x-is-array "0.1.0"
    x-is-string "0.1.0"

vite@^7.1.12:
  version "7.1.12"
  resolved "https://registry.npmmirror.com/vite/-/vite-7.1.12.tgz#8b29a3f61eba23bcb93fc9ec9af4a3a1e83eecdb"
  integrity sha512-ZWyE8YXEXqJrrSLvYgrRP7p62OziLW7xI5HYGWFzOvupfAlrLvURSzv/FyGyy0eidogEM3ujU+kUG1zuHgb6Ug==
  dependencies:
    esbuild "^0.25.0"
    fdir "^6.5.0"
    picomatch "^4.0.3"
    postcss "^8.5.6"
    rollup "^4.43.0"
    tinyglobby "^0.2.15"
  optionalDependencies:
    fsevents "~2.3.3"

x-is-array@0.1.0:
  version "0.1.0"
  resolved "https://registry.npmmirror.com/x-is-array/-/x-is-array-0.1.0.tgz#de520171d47b3f416f5587d629b89d26b12dc29d"
  integrity sha512-goHPif61oNrr0jJgsXRfc8oqtYzvfiMJpTqwE7Z4y9uH+T3UozkGqQ4d2nX9mB9khvA8U2o/UbPOFjgC7hLWIA==

x-is-string@0.1.0:
  version "0.1.0"
  resolved "https://registry.npmmirror.com/x-is-string/-/x-is-string-0.1.0.tgz#474b50865af3a49a9c4657f05acd145458f77d82"
  integrity sha512-GojqklwG8gpzOVEVki5KudKNoq7MbbjYZCbyWzEz7tyPA7eleiE0+ePwOWQQRb5fm86rD3S8Tc0tSFf3AOv50w==

xtend@~4.0.0:
  version "4.0.2"
  resolved "https://registry.npmmirror.com/xtend/-/xtend-4.0.2.tgz#bb72779f5fa465186b1f438f674fa347fdb5db54"
  integrity sha512-LKYU1iAXJXUgAXn9URjiu+MWhyUXHsvfp7mcuYm9dSUKK0/CjtrUwFAxD82/mCWbtLsGjFIad0wIsod4zrTAEQ==
