# THIS IS AN AUTOGENERATED FILE. DO NOT EDIT THIS FILE DIRECTLY.
# yarn lockfile v1


"@calcit/procs@^0.9.16":
  version "0.9.16"
  resolved "https://registry.yarnpkg.com/@calcit/procs/-/procs-0.9.16.tgz#58eb043cec42f12fd714e21dfcf0e1daba0cd8b3"
  integrity sha512-14q5V4fnmAVhMzuKdJa4f5UB8OGxKmES0vxcOrCul8FRkhZ638rwygRTFY08oGwkXJ93ujeDDkQ6dESeubO0yA==
  dependencies:
    "@calcit/ternary-tree" "0.0.24"
    "@cirru/parser.ts" "^0.0.6"
    "@cirru/writer.ts" "^0.1.5"

"@calcit/ternary-tree@0.0.24":
  version "0.0.24"
  resolved "https://registry.yarnpkg.com/@calcit/ternary-tree/-/ternary-tree-0.0.24.tgz#9b58cf9f76c08c3995b98b59c71b85e1da32385c"
  integrity sha512-IGs+VNYIrIF2bI3/cnQe2lFmZYaJe3+A0LArDloGbNaEzUTRoyba37FTZ8K9C+XRpUAO9K0q61sKY2vb4teWAA==

"@cirru/parser.ts@^0.0.6":
  version "0.0.6"
  resolved "https://registry.yarnpkg.com/@cirru/parser.ts/-/parser.ts-0.0.6.tgz#b95a84e02273fcbd71ff100925782b6f86410234"
  integrity sha512-qpDNPq+IuuwYjQFI+wzpd3ntbF7lwJs90v1XWyLQbL9Ru4ld4aHxVGwW/9F/QOu5mEGCMXtagCoYDf0HtOpDZg==

"@cirru/writer.ts@^0.1.5":
  version "0.1.5"
  resolved "https://registry.yarnpkg.com/@cirru/writer.ts/-/writer.ts-0.1.5.tgz#890d96cd4a69609f1682932dad5d2d467abb327e"
  integrity sha512-QQVFJAOIdUtVJZwT23THZOzumSDXCLMQ0yFz5DzIGlWGXPNBuB7BwUvGtRuiQrzM2XV7ALOWmNsVC7vEOjObQQ==

"@esbuild/aix-ppc64@0.25.8":
  version "0.25.8"
  resolved "https://registry.yarnpkg.com/@esbuild/aix-ppc64/-/aix-ppc64-0.25.8.tgz#a1414903bb38027382f85f03dda6065056757727"
  integrity sha512-urAvrUedIqEiFR3FYSLTWQgLu5tb+m0qZw0NBEasUeo6wuqatkMDaRT+1uABiGXEu5vqgPd7FGE1BhsAIy9QVA==

"@esbuild/android-arm64@0.25.8":
  version "0.25.8"
  resolved "https://registry.yarnpkg.com/@esbuild/android-arm64/-/android-arm64-0.25.8.tgz#c859994089e9767224269884061f89dae6fb51c6"
  integrity sha512-OD3p7LYzWpLhZEyATcTSJ67qB5D+20vbtr6vHlHWSQYhKtzUYrETuWThmzFpZtFsBIxRvhO07+UgVA9m0i/O1w==

"@esbuild/android-arm@0.25.8":
  version "0.25.8"
  resolved "https://registry.yarnpkg.com/@esbuild/android-arm/-/android-arm-0.25.8.tgz#96a8f2ca91c6cd29ea90b1af79d83761c8ba0059"
  integrity sha512-RONsAvGCz5oWyePVnLdZY/HHwA++nxYWIX1atInlaW6SEkwq6XkP3+cb825EUcRs5Vss/lGh/2YxAb5xqc07Uw==

"@esbuild/android-x64@0.25.8":
  version "0.25.8"
  resolved "https://registry.yarnpkg.com/@esbuild/android-x64/-/android-x64-0.25.8.tgz#a3a626c4fec4a024a9fa8c7679c39996e92916f0"
  integrity sha512-yJAVPklM5+4+9dTeKwHOaA+LQkmrKFX96BM0A/2zQrbS6ENCmxc4OVoBs5dPkCCak2roAD+jKCdnmOqKszPkjA==

"@esbuild/darwin-arm64@0.25.8":
  version "0.25.8"
  resolved "https://registry.yarnpkg.com/@esbuild/darwin-arm64/-/darwin-arm64-0.25.8.tgz#a5e1252ca2983d566af1c0ea39aded65736fc66d"
  integrity sha512-Jw0mxgIaYX6R8ODrdkLLPwBqHTtYHJSmzzd+QeytSugzQ0Vg4c5rDky5VgkoowbZQahCbsv1rT1KW72MPIkevw==

"@esbuild/darwin-x64@0.25.8":
  version "0.25.8"
  resolved "https://registry.yarnpkg.com/@esbuild/darwin-x64/-/darwin-x64-0.25.8.tgz#5271b0df2bb12ce8df886704bfdd1c7cc01385d2"
  integrity sha512-Vh2gLxxHnuoQ+GjPNvDSDRpoBCUzY4Pu0kBqMBDlK4fuWbKgGtmDIeEC081xi26PPjn+1tct+Bh8FjyLlw1Zlg==

"@esbuild/freebsd-arm64@0.25.8":
  version "0.25.8"
  resolved "https://registry.yarnpkg.com/@esbuild/freebsd-arm64/-/freebsd-arm64-0.25.8.tgz#d0a0e7fdf19733b8bb1566b81df1aa0bb7e46ada"
  integrity sha512-YPJ7hDQ9DnNe5vxOm6jaie9QsTwcKedPvizTVlqWG9GBSq+BuyWEDazlGaDTC5NGU4QJd666V0yqCBL2oWKPfA==

"@esbuild/freebsd-x64@0.25.8":
  version "0.25.8"
  resolved "https://registry.yarnpkg.com/@esbuild/freebsd-x64/-/freebsd-x64-0.25.8.tgz#2de8b2e0899d08f1cb1ef3128e159616e7e85343"
  integrity sha512-MmaEXxQRdXNFsRN/KcIimLnSJrk2r5H8v+WVafRWz5xdSVmWLoITZQXcgehI2ZE6gioE6HirAEToM/RvFBeuhw==

"@esbuild/linux-arm64@0.25.8":
  version "0.25.8"
  resolved "https://registry.yarnpkg.com/@esbuild/linux-arm64/-/linux-arm64-0.25.8.tgz#a4209efadc0c2975716458484a4e90c237c48ae9"
  integrity sha512-WIgg00ARWv/uYLU7lsuDK00d/hHSfES5BzdWAdAig1ioV5kaFNrtK8EqGcUBJhYqotlUByUKz5Qo6u8tt7iD/w==

"@esbuild/linux-arm@0.25.8":
  version "0.25.8"
  resolved "https://registry.yarnpkg.com/@esbuild/linux-arm/-/linux-arm-0.25.8.tgz#ccd9e291c24cd8d9142d819d463e2e7200d25b19"
  integrity sha512-FuzEP9BixzZohl1kLf76KEVOsxtIBFwCaLupVuk4eFVnOZfU+Wsn+x5Ryam7nILV2pkq2TqQM9EZPsOBuMC+kg==

"@esbuild/linux-ia32@0.25.8":
  version "0.25.8"
  resolved "https://registry.yarnpkg.com/@esbuild/linux-ia32/-/linux-ia32-0.25.8.tgz#006ad1536d0c2b28fb3a1cf0b53bcb85aaf92c4d"
  integrity sha512-A1D9YzRX1i+1AJZuFFUMP1E9fMaYY+GnSQil9Tlw05utlE86EKTUA7RjwHDkEitmLYiFsRd9HwKBPEftNdBfjg==

"@esbuild/linux-loong64@0.25.8":
  version "0.25.8"
  resolved "https://registry.yarnpkg.com/@esbuild/linux-loong64/-/linux-loong64-0.25.8.tgz#127b3fbfb2c2e08b1397e985932f718f09a8f5c4"
  integrity sha512-O7k1J/dwHkY1RMVvglFHl1HzutGEFFZ3kNiDMSOyUrB7WcoHGf96Sh+64nTRT26l3GMbCW01Ekh/ThKM5iI7hQ==

"@esbuild/linux-mips64el@0.25.8":
  version "0.25.8"
  resolved "https://registry.yarnpkg.com/@esbuild/linux-mips64el/-/linux-mips64el-0.25.8.tgz#837d1449517791e3fa7d82675a2d06d9f56cb340"
  integrity sha512-uv+dqfRazte3BzfMp8PAQXmdGHQt2oC/y2ovwpTteqrMx2lwaksiFZ/bdkXJC19ttTvNXBuWH53zy/aTj1FgGw==

"@esbuild/linux-ppc64@0.25.8":
  version "0.25.8"
  resolved "https://registry.yarnpkg.com/@esbuild/linux-ppc64/-/linux-ppc64-0.25.8.tgz#aa2e3bd93ab8df084212f1895ca4b03c42d9e0fe"
  integrity sha512-GyG0KcMi1GBavP5JgAkkstMGyMholMDybAf8wF5A70CALlDM2p/f7YFE7H92eDeH/VBtFJA5MT4nRPDGg4JuzQ==

"@esbuild/linux-riscv64@0.25.8":
  version "0.25.8"
  resolved "https://registry.yarnpkg.com/@esbuild/linux-riscv64/-/linux-riscv64-0.25.8.tgz#a340620e31093fef72767dd28ab04214b3442083"
  integrity sha512-rAqDYFv3yzMrq7GIcen3XP7TUEG/4LK86LUPMIz6RT8A6pRIDn0sDcvjudVZBiiTcZCY9y2SgYX2lgK3AF+1eg==

"@esbuild/linux-s390x@0.25.8":
  version "0.25.8"
  resolved "https://registry.yarnpkg.com/@esbuild/linux-s390x/-/linux-s390x-0.25.8.tgz#ddfed266c8c13f5efb3105a0cd47f6dcd0e79e71"
  integrity sha512-Xutvh6VjlbcHpsIIbwY8GVRbwoviWT19tFhgdA7DlenLGC/mbc3lBoVb7jxj9Z+eyGqvcnSyIltYUrkKzWqSvg==

"@esbuild/linux-x64@0.25.8":
  version "0.25.8"
  resolved "https://registry.yarnpkg.com/@esbuild/linux-x64/-/linux-x64-0.25.8.tgz#9a4f78c75c051e8c060183ebb39a269ba936a2ac"
  integrity sha512-ASFQhgY4ElXh3nDcOMTkQero4b1lgubskNlhIfJrsH5OKZXDpUAKBlNS0Kx81jwOBp+HCeZqmoJuihTv57/jvQ==

"@esbuild/netbsd-arm64@0.25.8":
  version "0.25.8"
  resolved "https://registry.yarnpkg.com/@esbuild/netbsd-arm64/-/netbsd-arm64-0.25.8.tgz#902c80e1d678047926387230bc037e63e00697d0"
  integrity sha512-d1KfruIeohqAi6SA+gENMuObDbEjn22olAR7egqnkCD9DGBG0wsEARotkLgXDu6c4ncgWTZJtN5vcgxzWRMzcw==

"@esbuild/netbsd-x64@0.25.8":
  version "0.25.8"
  resolved "https://registry.yarnpkg.com/@esbuild/netbsd-x64/-/netbsd-x64-0.25.8.tgz#2d9eb4692add2681ff05a14ce99de54fbed7079c"
  integrity sha512-nVDCkrvx2ua+XQNyfrujIG38+YGyuy2Ru9kKVNyh5jAys6n+l44tTtToqHjino2My8VAY6Lw9H7RI73XFi66Cg==

"@esbuild/openbsd-arm64@0.25.8":
  version "0.25.8"
  resolved "https://registry.yarnpkg.com/@esbuild/openbsd-arm64/-/openbsd-arm64-0.25.8.tgz#89c3b998c6de739db38ab7fb71a8a76b3fa84a45"
  integrity sha512-j8HgrDuSJFAujkivSMSfPQSAa5Fxbvk4rgNAS5i3K+r8s1X0p1uOO2Hl2xNsGFppOeHOLAVgYwDVlmxhq5h+SQ==

"@esbuild/openbsd-x64@0.25.8":
  version "0.25.8"
  resolved "https://registry.yarnpkg.com/@esbuild/openbsd-x64/-/openbsd-x64-0.25.8.tgz#2f01615cf472b0e48c077045cfd96b5c149365cc"
  integrity sha512-1h8MUAwa0VhNCDp6Af0HToI2TJFAn1uqT9Al6DJVzdIBAd21m/G0Yfc77KDM3uF3T/YaOgQq3qTJHPbTOInaIQ==

"@esbuild/openharmony-arm64@0.25.8":
  version "0.25.8"
  resolved "https://registry.yarnpkg.com/@esbuild/openharmony-arm64/-/openharmony-arm64-0.25.8.tgz#a201f720cd2c3ebf9a6033fcc3feb069a54b509a"
  integrity sha512-r2nVa5SIK9tSWd0kJd9HCffnDHKchTGikb//9c7HX+r+wHYCpQrSgxhlY6KWV1nFo1l4KFbsMlHk+L6fekLsUg==

"@esbuild/sunos-x64@0.25.8":
  version "0.25.8"
  resolved "https://registry.yarnpkg.com/@esbuild/sunos-x64/-/sunos-x64-0.25.8.tgz#07046c977985a3334667f19e6ab3a01a80862afb"
  integrity sha512-zUlaP2S12YhQ2UzUfcCuMDHQFJyKABkAjvO5YSndMiIkMimPmxA+BYSBikWgsRpvyxuRnow4nS5NPnf9fpv41w==

"@esbuild/win32-arm64@0.25.8":
  version "0.25.8"
  resolved "https://registry.yarnpkg.com/@esbuild/win32-arm64/-/win32-arm64-0.25.8.tgz#4a5470caf0d16127c05d4833d4934213c69392d1"
  integrity sha512-YEGFFWESlPva8hGL+zvj2z/SaK+pH0SwOM0Nc/d+rVnW7GSTFlLBGzZkuSU9kFIGIo8q9X3ucpZhu8PDN5A2sQ==

"@esbuild/win32-ia32@0.25.8":
  version "0.25.8"
  resolved "https://registry.yarnpkg.com/@esbuild/win32-ia32/-/win32-ia32-0.25.8.tgz#3de3e8470b7b328d99dbc3e9ec1eace207e5bbc4"
  integrity sha512-hiGgGC6KZ5LZz58OL/+qVVoZiuZlUYlYHNAmczOm7bs2oE1XriPFi5ZHHrS8ACpV5EjySrnoCKmcbQMN+ojnHg==

"@esbuild/win32-x64@0.25.8":
  version "0.25.8"
  resolved "https://registry.yarnpkg.com/@esbuild/win32-x64/-/win32-x64-0.25.8.tgz#610d7ea539d2fcdbe39237b5cc175eb2c4451f9c"
  integrity sha512-cn3Yr7+OaaZq1c+2pe+8yxC8E144SReCQjN6/2ynubzYjvyqZjTXfQJpAcQpsdJq3My7XADANiYGHoFC69pLQw==

"@mvc-works/codearea@^0.0.4":
  version "0.0.4"
  resolved "https://registry.yarnpkg.com/@mvc-works/codearea/-/codearea-0.0.4.tgz#dde6a57b27bfe20bf9e1327a0c6420d25091c54f"
  integrity sha512-alm2SQJgKvp3slCDiTac3VF31/zHP8DcJWjzP4wA0O+zyMH1Ezd/Y34U+mjwhHysTDDMeBs/zW2NsXMv+3T3QQ==

"@rollup/rollup-android-arm-eabi@4.45.1":
  version "4.45.1"
  resolved "https://registry.yarnpkg.com/@rollup/rollup-android-arm-eabi/-/rollup-android-arm-eabi-4.45.1.tgz#8560592f0dcf43b8cb0949af9f1d916205148d12"
  integrity sha512-NEySIFvMY0ZQO+utJkgoMiCAjMrGvnbDLHvcmlA33UXJpYBCvlBEbMMtV837uCkS+plG2umfhn0T5mMAxGrlRA==

"@rollup/rollup-android-arm64@4.45.1":
  version "4.45.1"
  resolved "https://registry.yarnpkg.com/@rollup/rollup-android-arm64/-/rollup-android-arm64-4.45.1.tgz#6bfb777bbce998691b6fd3e916b05cd46392d020"
  integrity sha512-ujQ+sMXJkg4LRJaYreaVx7Z/VMgBBd89wGS4qMrdtfUFZ+TSY5Rs9asgjitLwzeIbhwdEhyj29zhst3L1lKsRQ==

"@rollup/rollup-darwin-arm64@4.45.1":
  version "4.45.1"
  resolved "https://registry.yarnpkg.com/@rollup/rollup-darwin-arm64/-/rollup-darwin-arm64-4.45.1.tgz#7efce10220293a22e7b7b595d05d8b8400a7bcf3"
  integrity sha512-FSncqHvqTm3lC6Y13xncsdOYfxGSLnP+73k815EfNmpewPs+EyM49haPS105Rh4aF5mJKywk9X0ogzLXZzN9lA==

"@rollup/rollup-darwin-x64@4.45.1":
  version "4.45.1"
  resolved "https://registry.yarnpkg.com/@rollup/rollup-darwin-x64/-/rollup-darwin-x64-4.45.1.tgz#c617a8ece21050bfbea299c126767d2e70cfa79a"
  integrity sha512-2/vVn/husP5XI7Fsf/RlhDaQJ7x9zjvC81anIVbr4b/f0xtSmXQTFcGIQ/B1cXIYM6h2nAhJkdMHTnD7OtQ9Og==

"@rollup/rollup-freebsd-arm64@4.45.1":
  version "4.45.1"
  resolved "https://registry.yarnpkg.com/@rollup/rollup-freebsd-arm64/-/rollup-freebsd-arm64-4.45.1.tgz#5a6af0a9acf82162d2910933649ae24fc0ea3ecb"
  integrity sha512-4g1kaDxQItZsrkVTdYQ0bxu4ZIQ32cotoQbmsAnW1jAE4XCMbcBPDirX5fyUzdhVCKgPcrwWuucI8yrVRBw2+g==

"@rollup/rollup-freebsd-x64@4.45.1":
  version "4.45.1"
  resolved "https://registry.yarnpkg.com/@rollup/rollup-freebsd-x64/-/rollup-freebsd-x64-4.45.1.tgz#ae9709463560196fc275bd0da598668a2e341023"
  integrity sha512-L/6JsfiL74i3uK1Ti2ZFSNsp5NMiM4/kbbGEcOCps99aZx3g8SJMO1/9Y0n/qKlWZfn6sScf98lEOUe2mBvW9A==

"@rollup/rollup-linux-arm-gnueabihf@4.45.1":
  version "4.45.1"
  resolved "https://registry.yarnpkg.com/@rollup/rollup-linux-arm-gnueabihf/-/rollup-linux-arm-gnueabihf-4.45.1.tgz#6ec52661764dbd54c19d6520a403aa385a5c0fbf"
  integrity sha512-RkdOTu2jK7brlu+ZwjMIZfdV2sSYHK2qR08FUWcIoqJC2eywHbXr0L8T/pONFwkGukQqERDheaGTeedG+rra6Q==

"@rollup/rollup-linux-arm-musleabihf@4.45.1":
  version "4.45.1"
  resolved "https://registry.yarnpkg.com/@rollup/rollup-linux-arm-musleabihf/-/rollup-linux-arm-musleabihf-4.45.1.tgz#fd33ba4a43ef8419e96811236493d19436271923"
  integrity sha512-3kJ8pgfBt6CIIr1o+HQA7OZ9mp/zDk3ctekGl9qn/pRBgrRgfwiffaUmqioUGN9hv0OHv2gxmvdKOkARCtRb8Q==

"@rollup/rollup-linux-arm64-gnu@4.45.1":
  version "4.45.1"
  resolved "https://registry.yarnpkg.com/@rollup/rollup-linux-arm64-gnu/-/rollup-linux-arm64-gnu-4.45.1.tgz#933b3d99b73c9d7bf4506cab0d5d313c7e74fd2d"
  integrity sha512-k3dOKCfIVixWjG7OXTCOmDfJj3vbdhN0QYEqB+OuGArOChek22hn7Uy5A/gTDNAcCy5v2YcXRJ/Qcnm4/ma1xw==

"@rollup/rollup-linux-arm64-musl@4.45.1":
  version "4.45.1"
  resolved "https://registry.yarnpkg.com/@rollup/rollup-linux-arm64-musl/-/rollup-linux-arm64-musl-4.45.1.tgz#dbe9ae24ee9e97b75662fddcb69eb7f23c89280a"
  integrity sha512-PmI1vxQetnM58ZmDFl9/Uk2lpBBby6B6rF4muJc65uZbxCs0EA7hhKCk2PKlmZKuyVSHAyIw3+/SiuMLxKxWog==

"@rollup/rollup-linux-loongarch64-gnu@4.45.1":
  version "4.45.1"
  resolved "https://registry.yarnpkg.com/@rollup/rollup-linux-loongarch64-gnu/-/rollup-linux-loongarch64-gnu-4.45.1.tgz#818c5a071eec744436dbcdd76fe9c3c869dc9a8d"
  integrity sha512-9UmI0VzGmNJ28ibHW2GpE2nF0PBQqsyiS4kcJ5vK+wuwGnV5RlqdczVocDSUfGX/Na7/XINRVoUgJyFIgipoRg==

"@rollup/rollup-linux-powerpc64le-gnu@4.45.1":
  version "4.45.1"
  resolved "https://registry.yarnpkg.com/@rollup/rollup-linux-powerpc64le-gnu/-/rollup-linux-powerpc64le-gnu-4.45.1.tgz#6b8591def27d886fa147fb0340126c7d6682a7e4"
  integrity sha512-7nR2KY8oEOUTD3pBAxIBBbZr0U7U+R9HDTPNy+5nVVHDXI4ikYniH1oxQz9VoB5PbBU1CZuDGHkLJkd3zLMWsg==

"@rollup/rollup-linux-riscv64-gnu@4.45.1":
  version "4.45.1"
  resolved "https://registry.yarnpkg.com/@rollup/rollup-linux-riscv64-gnu/-/rollup-linux-riscv64-gnu-4.45.1.tgz#f1861ac4ee8da64e0b0d23853ff26fe2baa876cf"
  integrity sha512-nlcl3jgUultKROfZijKjRQLUu9Ma0PeNv/VFHkZiKbXTBQXhpytS8CIj5/NfBeECZtY2FJQubm6ltIxm/ftxpw==

"@rollup/rollup-linux-riscv64-musl@4.45.1":
  version "4.45.1"
  resolved "https://registry.yarnpkg.com/@rollup/rollup-linux-riscv64-musl/-/rollup-linux-riscv64-musl-4.45.1.tgz#320c961401a923b374e358664527b188e374e1ae"
  integrity sha512-HJV65KLS51rW0VY6rvZkiieiBnurSzpzore1bMKAhunQiECPuxsROvyeaot/tcK3A3aGnI+qTHqisrpSgQrpgA==

"@rollup/rollup-linux-s390x-gnu@4.45.1":
  version "4.45.1"
  resolved "https://registry.yarnpkg.com/@rollup/rollup-linux-s390x-gnu/-/rollup-linux-s390x-gnu-4.45.1.tgz#1763eed3362b50b6164d3f0947486c03cc7e616d"
  integrity sha512-NITBOCv3Qqc6hhwFt7jLV78VEO/il4YcBzoMGGNxznLgRQf43VQDae0aAzKiBeEPIxnDrACiMgbqjuihx08OOw==

"@rollup/rollup-linux-x64-gnu@4.45.1":
  version "4.45.1"
  resolved "https://registry.yarnpkg.com/@rollup/rollup-linux-x64-gnu/-/rollup-linux-x64-gnu-4.45.1.tgz#0d4c8d0b8f801902f0844a40a9d981a0179f4971"
  integrity sha512-+E/lYl6qu1zqgPEnTrs4WysQtvc/Sh4fC2nByfFExqgYrqkKWp1tWIbe+ELhixnenSpBbLXNi6vbEEJ8M7fiHw==

"@rollup/rollup-linux-x64-musl@4.45.1":
  version "4.45.1"
  resolved "https://registry.yarnpkg.com/@rollup/rollup-linux-x64-musl/-/rollup-linux-x64-musl-4.45.1.tgz#ec30bb48b5fe22a3aaba98072f2d5b7139e1a8eb"
  integrity sha512-a6WIAp89p3kpNoYStITT9RbTbTnqarU7D8N8F2CV+4Cl9fwCOZraLVuVFvlpsW0SbIiYtEnhCZBPLoNdRkjQFw==

"@rollup/rollup-win32-arm64-msvc@4.45.1":
  version "4.45.1"
  resolved "https://registry.yarnpkg.com/@rollup/rollup-win32-arm64-msvc/-/rollup-win32-arm64-msvc-4.45.1.tgz#27a6e48d1502e8e4bed96bedfb533738655874f2"
  integrity sha512-T5Bi/NS3fQiJeYdGvRpTAP5P02kqSOpqiopwhj0uaXB6nzs5JVi2XMJb18JUSKhCOX8+UE1UKQufyD6Or48dJg==

"@rollup/rollup-win32-ia32-msvc@4.45.1":
  version "4.45.1"
  resolved "https://registry.yarnpkg.com/@rollup/rollup-win32-ia32-msvc/-/rollup-win32-ia32-msvc-4.45.1.tgz#a2fbad3bec20ff879f3fd51720adf33692ca8f3d"
  integrity sha512-lxV2Pako3ujjuUe9jiU3/s7KSrDfH6IgTSQOnDWr9aJ92YsFd7EurmClK0ly/t8dzMkDtd04g60WX6yl0sGfdw==

"@rollup/rollup-win32-x64-msvc@4.45.1":
  version "4.45.1"
  resolved "https://registry.yarnpkg.com/@rollup/rollup-win32-x64-msvc/-/rollup-win32-x64-msvc-4.45.1.tgz#e5085c6d13da15b4c5133cd2a6bb11f25b6bb77a"
  integrity sha512-M/fKi4sasCdM8i0aWJjCSFm2qEnYRR8AMLG2kxp6wD13+tMGA4Z1tVAuHkNRjud5SW2EM3naLuK35w9twvf6aA==

"@types/estree@1.0.8":
  version "1.0.8"
  resolved "https://registry.yarnpkg.com/@types/estree/-/estree-1.0.8.tgz#958b91c991b1867ced318bedea0e215ee050726e"
  integrity sha512-dWHzHa2WqEXI/O1E9OjrocMTKJl2mSrEolh1Iomrv6U+JuNwaHXsXx9bLu5gG7BUWFIN0skIQJQ/L1rIex4X6w==

bottom-tip@^0.1.5:
  version "0.1.5"
  resolved "https://registry.yarnpkg.com/bottom-tip/-/bottom-tip-0.1.5.tgz#ca81e738fba6ae956a5b4c55a78a127820c9b99e"
  integrity sha512-53RCkWg6hY8M7Y9lPgU2f2bAEejQh0H6SCL9B8ufFdYAOAH/cUEwxSsBIH0AcPbOcNaSgdEJr9OhdnTUENe5bA==
  dependencies:
    nanoid "^4.0.1"
    virtual-dom "^2.1.1"

browser-split@0.0.1:
  version "0.0.1"
  resolved "https://registry.yarnpkg.com/browser-split/-/browser-split-0.0.1.tgz#7b097574f8e3ead606fb4664e64adfdda2981a93"
  integrity sha512-JhvgRb2ihQhsljNda3BI8/UcRHVzrVwo3Q+P8vDtSiyobXuFpuZ9mq+MbRGMnC22CjW3RrfXdg6j6ITX8M+7Ow==

camelize@^1.0.0:
  version "1.0.1"
  resolved "https://registry.yarnpkg.com/camelize/-/camelize-1.0.1.tgz#89b7e16884056331a35d6b5ad064332c91daa6c3"
  integrity sha512-dU+Tx2fsypxTgtLoE36npi3UqcjSSMNYfkqgmoEhtZrraP5VWq0K7FkWVTYa8eMPtnU/G2txVsfdCJTn9uzpuQ==

classnames@^2.2.5:
  version "2.5.1"
  resolved "https://registry.yarnpkg.com/classnames/-/classnames-2.5.1.tgz#ba774c614be0f016da105c858e7159eae8e7687b"
  integrity sha512-saHYOzhIQs6wy2sVxTM6bUDsQO4F50V9RQ22qBpEdCW+I+/Wmke2HOl6lS6dTpdxVhb88/I6+Hs+438c3lfUow==

coffeescript@1.12.7:
  version "1.12.7"
  resolved "https://registry.yarnpkg.com/coffeescript/-/coffeescript-1.12.7.tgz#e57ee4c4867cf7f606bfc4a0f2d550c0981ddd27"
  integrity sha512-pLXHFxQMPklVoEekowk8b3erNynC+DVJzChxS/LCBBgR6/8AJkHivkm//zbowcfc7BTCAjryuhx6gPqPRfsFoA==

coffeescript@^2.7.0:
  version "2.7.0"
  resolved "https://registry.yarnpkg.com/coffeescript/-/coffeescript-2.7.0.tgz#a43ec03be6885d6d1454850ea70b9409c391279c"
  integrity sha512-hzWp6TUE2d/jCcN67LrW1eh5b/rSDKQK6oD6VMLlggYVUUFexgTH9z3dNYihzX4RMhze5FTUsUmOXViJKFQR/A==

commander@latest:
  version "14.0.0"
  resolved "https://registry.yarnpkg.com/commander/-/commander-14.0.0.tgz#f244fc74a92343514e56229f16ef5c5e22ced5e9"
  integrity sha512-2uM9rYjPvyq39NwLRqaiLtWHyDC1FvryJDa2ATTVims5YAS4PupsEQsDvP14FqhFr0P49CYDugi59xaxJlTXRA==

copy-text-to-clipboard@^3.2.0:
  version "3.2.0"
  resolved "https://registry.yarnpkg.com/copy-text-to-clipboard/-/copy-text-to-clipboard-3.2.0.tgz#0202b2d9bdae30a49a53f898626dcc3b49ad960b"
  integrity sha512-RnJFp1XR/LOBDckxTib5Qjr/PMfkatD0MUCQgdpqS8MdKiNUzBjAQBEN6oUy+jW7LI93BBG3DtMB2KOOKpGs2Q==

core-js@^3.1.3:
  version "3.44.0"
  resolved "https://registry.yarnpkg.com/core-js/-/core-js-3.44.0.tgz#db4fd4fa07933c1d6898c8b112a1119a9336e959"
  integrity sha512-aFCtd4l6GvAXwVEh3XbbVqJGHDJt0OZRa+5ePGx3LLwi12WfexqQxcsohb2wgsa/92xtl19Hd66G/L+TaAxDMw==

cson-parser@^4.0.9:
  version "4.0.9"
  resolved "https://registry.yarnpkg.com/cson-parser/-/cson-parser-4.0.9.tgz#eef0cf77edd057f97861ef800300c8239224eedb"
  integrity sha512-I79SAcCYquWnEfXYj8hBqOOWKj6eH6zX1hhX3yqmS4K3bYp7jME3UFpHPzu3rUew0oyfc0s8T6IlWGXRAheHag==
  dependencies:
    coffeescript "1.12.7"

cson@^8.4.0:
  version "8.4.0"
  resolved "https://registry.yarnpkg.com/cson/-/cson-8.4.0.tgz#b843eddb9e409758182fec424666b99cc2c1b4f4"
  integrity sha512-QwXDbiJodA3DFEKA888zTED28EZo2JC7EK2K3qVsUVbE0oKQVRZ4K+Ch/I8QaTYPZ9Q0GXG1BFK5dtcxd6C3mg==
  dependencies:
    cson-parser "^4.0.9"
    extract-opts "^5.8.0"
    requirefresh "^5.13.0"
    safefs "^8.9.0"

dom-walk@^0.1.0:
  version "0.1.2"
  resolved "https://registry.yarnpkg.com/dom-walk/-/dom-walk-0.1.2.tgz#0c548bef048f4d1f2a97249002236060daa3fd84"
  integrity sha512-6QvTW9mrGeIegrFXdtQi9pk7O/nSK6lSdXW2eqUspN5LWD7UTji2Fqw5V2YLjBpHEoU9Xl/eUWNpDeZvoyOv2w==

eachr@^7.4.0:
  version "7.4.0"
  resolved "https://registry.yarnpkg.com/eachr/-/eachr-7.4.0.tgz#379350664095cf441fdb59591f8d6345e71d3b7b"
  integrity sha512-d6v/ERRrwxZ5oNHJz2Z5Oouge0Xc3rFxeaGNHjAhTDUCkLhy8t583ieH9/Qop1UNDTcZXOSEs8dqawmbHaEEkA==
  dependencies:
    editions "^6.21.0"
    typechecker "^9.3.0"

editions@^6.20.0, editions@^6.21.0:
  version "6.21.0"
  resolved "https://registry.yarnpkg.com/editions/-/editions-6.21.0.tgz#8da2d85611106e0891a72619b7bee8e0c830089b"
  integrity sha512-ofkXJtn7z0urokN62DI3SBo/5xAtF0rR7tn+S/bSYV79Ka8pTajIIl+fFQ1q88DQEImymmo97M4azY3WX/nUdg==
  dependencies:
    version-range "^4.13.0"

equals@latest:
  version "1.0.5"
  resolved "https://registry.yarnpkg.com/equals/-/equals-1.0.5.tgz#212062dde5e1a510d955f13598efcc6a621b6ace"
  integrity sha512-wI15a6ZoaaXPv+55+Vh2Kqn3+efKRv8QPtcGTjW5xmanMnQzESdAt566jevtMZyt3W/jwLDTzXpMph5ECDJ2zg==
  dependencies:
    jkroso-type "1"

error@^4.3.0:
  version "4.4.0"
  resolved "https://registry.yarnpkg.com/error/-/error-4.4.0.tgz#bf69ff251fb4a279c19adccdaa6b61e90d9bf12a"
  integrity sha512-SNDKualLUtT4StGFP7xNfuFybL2f6iJujFtrWuvJqGbVQGaN+adE23veqzPz1hjUjTunLi2EnJ+0SJxtbJreKw==
  dependencies:
    camelize "^1.0.0"
    string-template "~0.2.0"
    xtend "~4.0.0"

esbuild@^0.25.0:
  version "0.25.8"
  resolved "https://registry.yarnpkg.com/esbuild/-/esbuild-0.25.8.tgz#482d42198b427c9c2f3a81b63d7663aecb1dda07"
  integrity sha512-vVC0USHGtMi8+R4Kz8rt6JhEWLxsv9Rnu/lGYbPR8u47B+DCBksq9JarW0zOO7bs37hyOK1l2/oqtbciutL5+Q==
  optionalDependencies:
    "@esbuild/aix-ppc64" "0.25.8"
    "@esbuild/android-arm" "0.25.8"
    "@esbuild/android-arm64" "0.25.8"
    "@esbuild/android-x64" "0.25.8"
    "@esbuild/darwin-arm64" "0.25.8"
    "@esbuild/darwin-x64" "0.25.8"
    "@esbuild/freebsd-arm64" "0.25.8"
    "@esbuild/freebsd-x64" "0.25.8"
    "@esbuild/linux-arm" "0.25.8"
    "@esbuild/linux-arm64" "0.25.8"
    "@esbuild/linux-ia32" "0.25.8"
    "@esbuild/linux-loong64" "0.25.8"
    "@esbuild/linux-mips64el" "0.25.8"
    "@esbuild/linux-ppc64" "0.25.8"
    "@esbuild/linux-riscv64" "0.25.8"
    "@esbuild/linux-s390x" "0.25.8"
    "@esbuild/linux-x64" "0.25.8"
    "@esbuild/netbsd-arm64" "0.25.8"
    "@esbuild/netbsd-x64" "0.25.8"
    "@esbuild/openbsd-arm64" "0.25.8"
    "@esbuild/openbsd-x64" "0.25.8"
    "@esbuild/openharmony-arm64" "0.25.8"
    "@esbuild/sunos-x64" "0.25.8"
    "@esbuild/win32-arm64" "0.25.8"
    "@esbuild/win32-ia32" "0.25.8"
    "@esbuild/win32-x64" "0.25.8"

ev-store@^7.0.0:
  version "7.0.0"
  resolved "https://registry.yarnpkg.com/ev-store/-/ev-store-7.0.0.tgz#1ab0c7f82136505dd74b31d17701cb2be6d26558"
  integrity sha512-otazchNRnGzp2YarBJ+GXKVGvhxVATB1zmaStxJBYet0Dyq7A9VhH8IUEB/gRcL6Ch52lfpgPTRJ2m49epyMsQ==
  dependencies:
    individual "^3.0.0"

extract-opts@^5.8.0:
  version "5.9.0"
  resolved "https://registry.yarnpkg.com/extract-opts/-/extract-opts-5.9.0.tgz#85f3c2a638c1ddad2ede80c064614f8cbb21cbc8"
  integrity sha512-UN5d1xtD3cQQNmE2OVsP5ij1dCDgpK5bmOxyMEXc8KaZ/YLCV0ge/RxBGG3fy7KVnxsjekwutzmzRVInQtaB4Q==
  dependencies:
    eachr "^7.4.0"
    editions "^6.21.0"
    typechecker "^9.3.0"

fdir@^6.4.4, fdir@^6.4.6:
  version "6.4.6"
  resolved "https://registry.yarnpkg.com/fdir/-/fdir-6.4.6.tgz#2b268c0232697063111bbf3f64810a2a741ba281"
  integrity sha512-hiFoqpyZcfNm1yc4u8oWCf9A2c4D3QjCrks3zmoVKVxpQRzmPNar1hUJcBG2RQHvEVGDN+Jm81ZheVLAQMK6+w==

feather-icons@^4.29.2:
  version "4.29.2"
  resolved "https://registry.yarnpkg.com/feather-icons/-/feather-icons-4.29.2.tgz#b03a47588a1c400f215e884504db1c18860d89f8"
  integrity sha512-0TaCFTnBTVCz6U+baY2UJNKne5ifGh7sMG4ZC2LoBWCZdIyPa+y6UiR4lEYGws1JOFWdee8KAsAIvu0VcXqiqA==
  dependencies:
    classnames "^2.2.5"
    core-js "^3.1.3"

fracturedjsonjs@^4.1.0:
  version "4.1.0"
  resolved "https://registry.yarnpkg.com/fracturedjsonjs/-/fracturedjsonjs-4.1.0.tgz#af122dc9cfd3bd68c076fc9bbea038c912c21954"
  integrity sha512-qy6LPA8OOiiyRHt5/sNKDayD7h5r3uHmHxSOLbBsgtU/hkt5vOVWOR51MdfDbeCNfj7k/dKCRbXYm8FBAJcgWQ==

fsevents@~2.3.2, fsevents@~2.3.3:
  version "2.3.3"
  resolved "https://registry.yarnpkg.com/fsevents/-/fsevents-2.3.3.tgz#cac6407785d03675a2a5e1a5305c697b347d90d6"
  integrity sha512-5xoDfX+fL7faATnagmWPpbFtwh/R77WmMMqqHGS65C3vvB0YHrgF+B1YmZ3441tMj5n63k0212XNoJwzlhffQw==

global@^4.3.0:
  version "4.4.0"
  resolved "https://registry.yarnpkg.com/global/-/global-4.4.0.tgz#3e7b105179006a323ed71aafca3e9c57a5cc6406"
  integrity sha512-wv/LAoHdRE3BeTGz53FAamhGlPLhlssK45usmGFThIi4XqnBmjKQ16u+RNbP7WvigRZDxUsM0J3gcQ5yicaL0w==
  dependencies:
    min-document "^2.19.0"
    process "^0.11.10"

graceful-fs@^4.2.11:
  version "4.2.11"
  resolved "https://registry.yarnpkg.com/graceful-fs/-/graceful-fs-4.2.11.tgz#4183e4e8bf08bb6e05bbb2f7d2e0c8f712ca40e3"
  integrity sha512-RbJ5/jmFcNNCcDV5o9eTnBLJ/HszWV0P73bc+Ff4nS/rJj+YaS6IGyiOL0VoBYX+l1Wrl3k63h/KrH+nhJ0XvQ==

individual@^3.0.0:
  version "3.0.0"
  resolved "https://registry.yarnpkg.com/individual/-/individual-3.0.0.tgz#e7ca4f85f8957b018734f285750dc22ec2f9862d"
  integrity sha512-rUY5vtT748NMRbEMrTNiFfy29BgGZwGXUi2NFUVMWQrogSLzlJvQV9eeMWi+g1aVaQ53tpyLAQtd5x/JH0Nh1g==

is-object@^1.0.1:
  version "1.0.2"
  resolved "https://registry.yarnpkg.com/is-object/-/is-object-1.0.2.tgz#a56552e1c665c9e950b4a025461da87e72f86fcf"
  integrity sha512-2rRIahhZr2UWb45fIOuvZGpFtz0TyOZLf32KxBbSoUCeZR495zCKlWUKKUByk3geS2eAs7ZAABt0Y/Rx0GiQGA==

jkroso-type@1:
  version "1.1.1"
  resolved "https://registry.yarnpkg.com/jkroso-type/-/jkroso-type-1.1.1.tgz#bc4ced6d6c45fe0745282bafc86a9f8c4fc9ce61"
  integrity sha512-zZgay+fPG6PgMUrpyFADmQmvLo39+AZa7Gc5pZhev2RhDxwANEq2etwD8d0e6rTg5NkwOIlQmaEmns3draC6Ng==

jsedn@^0.4.1:
  version "0.4.1"
  resolved "https://registry.yarnpkg.com/jsedn/-/jsedn-0.4.1.tgz#5155f567450a7b94078414efdda90338a5d339c1"
  integrity sha512-ZzdF1smvJyiydoBJFYbXLx52wz6VIaAyDT4fGTmtdP6B7zrGCBzUI/0+QFIKoUmwgbHPSpzljdjkbHQHKWf8CQ==
  dependencies:
    commander latest
    equals latest
    type-component latest

json5@^2.2.3:
  version "2.2.3"
  resolved "https://registry.yarnpkg.com/json5/-/json5-2.2.3.tgz#78cd6f1a19bdc12b73db5ad0c61efd66c1e29283"
  integrity sha512-XmOWe7eyHYH14cLdVPoyg+GOH3rYX++KpzrylJwSW98t3Nk+U8XOl8FWKOgwtzdb8lXGf6zYwDUzeHMWfxasyg==

min-document@^2.19.0:
  version "2.19.0"
  resolved "https://registry.yarnpkg.com/min-document/-/min-document-2.19.0.tgz#7bd282e3f5842ed295bb748cdd9f1ffa2c824685"
  integrity sha512-9Wy1B3m3f66bPPmU5hdA4DR4PB2OfDU/+GS3yAB7IQozE3tqXaVv2zOjgla7MEGSRv95+ILmOuvhLkOK6wJtCQ==
  dependencies:
    dom-walk "^0.1.0"

nanoid@^3.3.11, nanoid@^3.3.8:
  version "3.3.11"
  resolved "https://registry.yarnpkg.com/nanoid/-/nanoid-3.3.11.tgz#4f4f112cefbe303202f2199838128936266d185b"
  integrity sha512-N8SpfPUnUp1bK+PMYW8qSWdl9U+wwNWI4QKxOYDy9JAro3WMX7p2OeVRF9v+347pnakNevPmiHhNmZ2HbFA76w==

nanoid@^4.0.1:
  version "4.0.2"
  resolved "https://registry.yarnpkg.com/nanoid/-/nanoid-4.0.2.tgz#140b3c5003959adbebf521c170f282c5e7f9fb9e"
  integrity sha512-7ZtY5KTCNheRGfEFxnedV5zFiORN1+Y1N6zvPTnHQd8ENUvfaDBeuJDZb2bN/oXwXxu3qkTXDzy57W5vAmDTBw==

next-tick@^0.2.2:
  version "0.2.2"
  resolved "https://registry.yarnpkg.com/next-tick/-/next-tick-0.2.2.tgz#75da4a927ee5887e39065880065b7336413b310d"
  integrity sha512-f7h4svPtl+QidoBv4taKXUjJ70G2asaZ8G28nS0OkqaalX8dwwrtWtyxEDPK62AC00ur/+/E0pUwBwY5EPn15Q==

picocolors@^1.1.1:
  version "1.1.1"
  resolved "https://registry.yarnpkg.com/picocolors/-/picocolors-1.1.1.tgz#3d321af3eab939b083c8f929a1d12cda81c26b6b"
  integrity sha512-xceH2snhtb5M9liqDsmEw56le376mTZkEX/jEb/RxNFyegNul7eNslCXP9FDj/Lcu0X8KEyMceP2ntpaHrDEVA==

picomatch@^4.0.2, picomatch@^4.0.3:
  version "4.0.3"
  resolved "https://registry.yarnpkg.com/picomatch/-/picomatch-4.0.3.tgz#796c76136d1eead715db1e7bad785dedd695a042"
  integrity sha512-5gTmgEY/sqK6gFXLIsQNH19lWb4ebPDLA4SdLP7dsWkIXHWlG66oPuVvXSGFPppYZz8ZDZq0dYYrbHfBCVUb1Q==

postcss@^8.5.6:
  version "8.5.6"
  resolved "https://registry.yarnpkg.com/postcss/-/postcss-8.5.6.tgz#2825006615a619b4f62a9e7426cc120b349a8f3c"
  integrity sha512-3Ybi1tAuwAP9s0r1UQ2J4n5Y0G05bJkpUIO0/bI9MhwmD70S5aTWbXGBwxHrelT+XM1k6dM0pk+SwNkpTRN7Pg==
  dependencies:
    nanoid "^3.3.11"
    picocolors "^1.1.1"
    source-map-js "^1.2.1"

process@^0.11.10:
  version "0.11.10"
  resolved "https://registry.yarnpkg.com/process/-/process-0.11.10.tgz#7332300e840161bda3e69a1d1d91a7d4bc16f182"
  integrity sha512-cdGef/drWFoydD1JsMzuFf8100nZl+GT+yacc2bEced5f9Rjk4z+WtFUTBu9PhOi9j/jfmBPu0mMEY4wIdAF8A==

requirefresh@^5.13.0:
  version "5.13.0"
  resolved "https://registry.yarnpkg.com/requirefresh/-/requirefresh-5.13.0.tgz#4a91b5e6a7934fcc2ac1c4f40f750a1e2ad7d8f2"
  integrity sha512-v3BuU/AAKjDqgIig1xyekcBHtujCAghuFTOQ7YNAngEKtTksSS1vT9Abt1ilbmQFAD4ChHHGJ3JSNbqvEOIxkQ==

rollup@^4.40.0:
  version "4.45.1"
  resolved "https://registry.yarnpkg.com/rollup/-/rollup-4.45.1.tgz#d0ef72a8d0a9210d832f9c3c5f3b6a2aa4b0ba64"
  integrity sha512-4iya7Jb76fVpQyLoiVpzUrsjQ12r3dM7fIVz+4NwoYvZOShknRmiv+iu9CClZml5ZLGb0XMcYLutK6w9tgxHDw==
  dependencies:
    "@types/estree" "1.0.8"
  optionalDependencies:
    "@rollup/rollup-android-arm-eabi" "4.45.1"
    "@rollup/rollup-android-arm64" "4.45.1"
    "@rollup/rollup-darwin-arm64" "4.45.1"
    "@rollup/rollup-darwin-x64" "4.45.1"
    "@rollup/rollup-freebsd-arm64" "4.45.1"
    "@rollup/rollup-freebsd-x64" "4.45.1"
    "@rollup/rollup-linux-arm-gnueabihf" "4.45.1"
    "@rollup/rollup-linux-arm-musleabihf" "4.45.1"
    "@rollup/rollup-linux-arm64-gnu" "4.45.1"
    "@rollup/rollup-linux-arm64-musl" "4.45.1"
    "@rollup/rollup-linux-loongarch64-gnu" "4.45.1"
    "@rollup/rollup-linux-powerpc64le-gnu" "4.45.1"
    "@rollup/rollup-linux-riscv64-gnu" "4.45.1"
    "@rollup/rollup-linux-riscv64-musl" "4.45.1"
    "@rollup/rollup-linux-s390x-gnu" "4.45.1"
    "@rollup/rollup-linux-x64-gnu" "4.45.1"
    "@rollup/rollup-linux-x64-musl" "4.45.1"
    "@rollup/rollup-win32-arm64-msvc" "4.45.1"
    "@rollup/rollup-win32-ia32-msvc" "4.45.1"
    "@rollup/rollup-win32-x64-msvc" "4.45.1"
    fsevents "~2.3.2"

safefs@^8.9.0:
  version "8.10.0"
  resolved "https://registry.yarnpkg.com/safefs/-/safefs-8.10.0.tgz#63400de6a630ebb6d1e42a517b15e3a17ab9180a"
  integrity sha512-ZHnuws4iLc5vB6kxU/MpGEZO7Fz80zIEOJw6VgRAroa/PeJB/jcc2KEXxWA0Izpx+W728j398DxQRx1RU+KXIg==
  dependencies:
    graceful-fs "^4.2.11"
    version-compare "^3.10.0"

shortid@^2.2.17:
  version "2.2.17"
  resolved "https://registry.yarnpkg.com/shortid/-/shortid-2.2.17.tgz#ea87297a36b7edd10a57818fbac5be798e0994bb"
  integrity sha512-GpbM3gLF1UUXZvQw6MCyulHkWbRseNO4cyBEZresZRorwl1+SLu1ZdqgVtuwqz8mB6RpwPkm541mYSqrKyJSaA==
  dependencies:
    nanoid "^3.3.8"

source-map-js@^1.2.1:
  version "1.2.1"
  resolved "https://registry.yarnpkg.com/source-map-js/-/source-map-js-1.2.1.tgz#1ce5650fddd87abc099eda37dcff024c2667ae46"
  integrity sha512-UXWMKhLOwVKb728IUtQPXxfYU+usdybtUrK/8uGE8CQMvrhOpwvzDBwj0QhSL7MQc7vIsISBG8VQ8+IDQxpfQA==

string-template@~0.2.0:
  version "0.2.1"
  resolved "https://registry.yarnpkg.com/string-template/-/string-template-0.2.1.tgz#42932e598a352d01fc22ec3367d9d84eec6c9add"
  integrity sha512-Yptehjogou2xm4UJbxJ4CxgZx12HBfeystp0y3x7s4Dj32ltVVG1Gg8YhKjHZkHicuKpZX/ffilA8505VbUbpw==

tinyglobby@^0.2.14:
  version "0.2.14"
  resolved "https://registry.yarnpkg.com/tinyglobby/-/tinyglobby-0.2.14.tgz#5280b0cf3f972b050e74ae88406c0a6a58f4079d"
  integrity sha512-tX5e7OM1HnYr2+a2C/4V0htOcSQcoSTH9KgJnVvNm5zm/cyEWKJ7j7YutsH9CxMdtOkkLFy2AHrMci9IM8IPZQ==
  dependencies:
    fdir "^6.4.4"
    picomatch "^4.0.2"

type-component@latest:
  version "0.0.1"
  resolved "https://registry.yarnpkg.com/type-component/-/type-component-0.0.1.tgz#952a6c81c21efd24d13d811d0c8498cb860e1956"
  integrity sha512-mDZRBQS2yZkwRQKfjJvQ8UIYJeBNNWCq+HBNstl9N5s9jZ4dkVYXEGkVPsSCEh5Ld4JM1kmrZTzjnrqSAIQ7dw==

typechecker@^9.3.0:
  version "9.3.0"
  resolved "https://registry.yarnpkg.com/typechecker/-/typechecker-9.3.0.tgz#3ec893922a5cc0c0e42007ebfb6f8444e0380a7d"
  integrity sha512-7NKr0EkLaL5fkYE56DPwqgQx1FjepvDRZ64trUgb1NgeFqLkaZThI2L33vFJzN4plVyAN5zWcov57QcZIU3bjg==
  dependencies:
    editions "^6.20.0"

version-compare@^3.10.0:
  version "3.11.0"
  resolved "https://registry.yarnpkg.com/version-compare/-/version-compare-3.11.0.tgz#b63102bfb1d591342152937452752dace914394b"
  integrity sha512-sufLk/bD3oq+iLzWk8FOHfYwVIaC3NLJcvMqnggmakwNskyKyM+u8x1F8NdwjlLVgC8oYSTgB0RK68VCT6wQOg==
  dependencies:
    editions "^6.21.0"

version-range@^4.13.0:
  version "4.14.0"
  resolved "https://registry.yarnpkg.com/version-range/-/version-range-4.14.0.tgz#91c12e4665756a9101d1af43faeda399abe0edec"
  integrity sha512-gjb0ARm9qlcBAonU4zPwkl9ecKkas+tC2CGwFfptTCWWIVTWY1YUbT2zZKsOAF1jR/tNxxyLwwG0cb42XlYcTg==

virtual-dom@^2.1.1:
  version "2.1.1"
  resolved "https://registry.yarnpkg.com/virtual-dom/-/virtual-dom-2.1.1.tgz#80eda2d481b9ede0c049118cefcb4a05f21d1375"
  integrity sha512-wb6Qc9Lbqug0kRqo/iuApfBpJJAq14Sk1faAnSmtqXiwahg7PVTvWMs9L02Z8nNIMqbwsxzBAA90bbtRLbw0zg==
  dependencies:
    browser-split "0.0.1"
    error "^4.3.0"
    ev-store "^7.0.0"
    global "^4.3.0"
    is-object "^1.0.1"
    next-tick "^0.2.2"
    x-is-array "0.1.0"
    x-is-string "0.1.0"

vite@^7.0.8:
  version "7.0.8"
  resolved "https://registry.yarnpkg.com/vite/-/vite-7.0.8.tgz#02eef500e871d84048b2789f74e034c4bb4263d0"
  integrity sha512-cJBdq0/u+8rgstg9t7UkBilf8ipLmeXJO30NxD5HAHOivnj10ocV8YtR/XBvd2wQpN3TmcaxNKaHX3tN7o5F5A==
  dependencies:
    esbuild "^0.25.0"
    fdir "^6.4.6"
    picomatch "^4.0.3"
    postcss "^8.5.6"
    rollup "^4.40.0"
    tinyglobby "^0.2.14"
  optionalDependencies:
    fsevents "~2.3.3"

x-is-array@0.1.0:
  version "0.1.0"
  resolved "https://registry.yarnpkg.com/x-is-array/-/x-is-array-0.1.0.tgz#de520171d47b3f416f5587d629b89d26b12dc29d"
  integrity sha512-goHPif61oNrr0jJgsXRfc8oqtYzvfiMJpTqwE7Z4y9uH+T3UozkGqQ4d2nX9mB9khvA8U2o/UbPOFjgC7hLWIA==

x-is-string@0.1.0:
  version "0.1.0"
  resolved "https://registry.yarnpkg.com/x-is-string/-/x-is-string-0.1.0.tgz#474b50865af3a49a9c4657f05acd145458f77d82"
  integrity sha512-GojqklwG8gpzOVEVki5KudKNoq7MbbjYZCbyWzEz7tyPA7eleiE0+ePwOWQQRb5fm86rD3S8Tc0tSFf3AOv50w==

xtend@~4.0.0:
  version "4.0.2"
  resolved "https://registry.yarnpkg.com/xtend/-/xtend-4.0.2.tgz#bb72779f5fa465186b1f438f674fa347fdb5db54"
  integrity sha512-LKYU1iAXJXUgAXn9URjiu+MWhyUXHsvfp7mcuYm9dSUKK0/CjtrUwFAxD82/mCWbtLsGjFIad0wIsod4zrTAEQ==
