# THIS IS AN AUTOGENERATED FILE. DO NOT EDIT THIS FILE DIRECTLY.
# yarn lockfile v1


"@calcit/procs@^0.7.9":
  version "0.7.9"
  resolved "https://registry.npmmirror.com/@calcit/procs/-/procs-0.7.9.tgz#243cea1421a3e11bfac56f8bfc5929e745a38d69"
  integrity sha512-XPdoyVCbpVzWj0pNDH3G4cKqAbSwxa5S5sM0pqdCoIQVdkp7CBc1d0DO8gDNBAVsU+bPM18ZEU9Mo3jQYbWSIg==
  dependencies:
    "@calcit/ternary-tree" "0.0.22"
    "@cirru/parser.ts" "^0.0.6"
    "@cirru/writer.ts" "^0.1.3"

"@calcit/ternary-tree@0.0.22":
  version "0.0.22"
  resolved "https://registry.npmmirror.com/@calcit/ternary-tree/-/ternary-tree-0.0.22.tgz#ac6e0659981457b0465cbf95eba222b43ab14222"
  integrity sha512-f+enhj0iCe6eX6/gcLRpCQeJnY38DxMUooyO3cJxE2JynyTBk/JhmdojTiggm3UX21vw4QUXz/LwGtLOcwcrGA==

"@cirru/parser.ts@^0.0.6":
  version "0.0.6"
  resolved "https://registry.npmmirror.com/@cirru/parser.ts/-/parser.ts-0.0.6.tgz#b95a84e02273fcbd71ff100925782b6f86410234"
  integrity sha512-qpDNPq+IuuwYjQFI+wzpd3ntbF7lwJs90v1XWyLQbL9Ru4ld4aHxVGwW/9F/QOu5mEGCMXtagCoYDf0HtOpDZg==

"@cirru/writer.ts@^0.1.3":
  version "0.1.3"
  resolved "https://registry.npmmirror.com/@cirru/writer.ts/-/writer.ts-0.1.3.tgz#5f54bdecaa20ba3dab16cbe6da711854138a9c0a"
  integrity sha512-vJnhmhm7we5UfQIwmZfQpF3bAFbVybzT6LbmkbQHxgijaQg3gPfNVsnSIa3g3KpmWVtvkzEx+nUy5aMwsJiV1A==

"@esbuild/android-arm64@0.18.17":
  version "0.18.17"
  resolved "https://registry.npmmirror.com/@esbuild/android-arm64/-/android-arm64-0.18.17.tgz#9e00eb6865ed5f2dbe71a1e96f2c52254cd92903"
  integrity sha512-9np+YYdNDed5+Jgr1TdWBsozZ85U1Oa3xW0c7TWqH0y2aGghXtZsuT8nYRbzOMcl0bXZXjOGbksoTtVOlWrRZg==

"@esbuild/android-arm@0.18.17":
  version "0.18.17"
  resolved "https://registry.npmmirror.com/@esbuild/android-arm/-/android-arm-0.18.17.tgz#1aa013b65524f4e9f794946b415b32ae963a4618"
  integrity sha512-wHsmJG/dnL3OkpAcwbgoBTTMHVi4Uyou3F5mf58ZtmUyIKfcdA7TROav/6tCzET4A3QW2Q2FC+eFneMU+iyOxg==

"@esbuild/android-x64@0.18.17":
  version "0.18.17"
  resolved "https://registry.npmmirror.com/@esbuild/android-x64/-/android-x64-0.18.17.tgz#c2bd0469b04ded352de011fae34a7a1d4dcecb79"
  integrity sha512-O+FeWB/+xya0aLg23hHEM2E3hbfwZzjqumKMSIqcHbNvDa+dza2D0yLuymRBQQnC34CWrsJUXyH2MG5VnLd6uw==

"@esbuild/darwin-arm64@0.18.17":
  version "0.18.17"
  resolved "https://registry.npmmirror.com/@esbuild/darwin-arm64/-/darwin-arm64-0.18.17.tgz#0c21a59cb5bd7a2cec66c7a42431dca42aefeddd"
  integrity sha512-M9uJ9VSB1oli2BE/dJs3zVr9kcCBBsE883prage1NWz6pBS++1oNn/7soPNS3+1DGj0FrkSvnED4Bmlu1VAE9g==

"@esbuild/darwin-x64@0.18.17":
  version "0.18.17"
  resolved "https://registry.npmmirror.com/@esbuild/darwin-x64/-/darwin-x64-0.18.17.tgz#92f8763ff6f97dff1c28a584da7b51b585e87a7b"
  integrity sha512-XDre+J5YeIJDMfp3n0279DFNrGCXlxOuGsWIkRb1NThMZ0BsrWXoTg23Jer7fEXQ9Ye5QjrvXpxnhzl3bHtk0g==

"@esbuild/freebsd-arm64@0.18.17":
  version "0.18.17"
  resolved "https://registry.npmmirror.com/@esbuild/freebsd-arm64/-/freebsd-arm64-0.18.17.tgz#934f74bdf4022e143ba2f21d421b50fd0fead8f8"
  integrity sha512-cjTzGa3QlNfERa0+ptykyxs5A6FEUQQF0MuilYXYBGdBxD3vxJcKnzDlhDCa1VAJCmAxed6mYhA2KaJIbtiNuQ==

"@esbuild/freebsd-x64@0.18.17":
  version "0.18.17"
  resolved "https://registry.npmmirror.com/@esbuild/freebsd-x64/-/freebsd-x64-0.18.17.tgz#16b6e90ba26ecc865eab71c56696258ec7f5d8bf"
  integrity sha512-sOxEvR8d7V7Kw8QqzxWc7bFfnWnGdaFBut1dRUYtu+EIRXefBc/eIsiUiShnW0hM3FmQ5Zf27suDuHsKgZ5QrA==

"@esbuild/linux-arm64@0.18.17":
  version "0.18.17"
  resolved "https://registry.npmmirror.com/@esbuild/linux-arm64/-/linux-arm64-0.18.17.tgz#179a58e8d4c72116eb068563629349f8f4b48072"
  integrity sha512-c9w3tE7qA3CYWjT+M3BMbwMt+0JYOp3vCMKgVBrCl1nwjAlOMYzEo+gG7QaZ9AtqZFj5MbUc885wuBBmu6aADQ==

"@esbuild/linux-arm@0.18.17":
  version "0.18.17"
  resolved "https://registry.npmmirror.com/@esbuild/linux-arm/-/linux-arm-0.18.17.tgz#9d78cf87a310ae9ed985c3915d5126578665c7b5"
  integrity sha512-2d3Lw6wkwgSLC2fIvXKoMNGVaeY8qdN0IC3rfuVxJp89CRfA3e3VqWifGDfuakPmp90+ZirmTfye1n4ncjv2lg==

"@esbuild/linux-ia32@0.18.17":
  version "0.18.17"
  resolved "https://registry.npmmirror.com/@esbuild/linux-ia32/-/linux-ia32-0.18.17.tgz#6fed202602d37361bca376c9d113266a722a908c"
  integrity sha512-1DS9F966pn5pPnqXYz16dQqWIB0dmDfAQZd6jSSpiT9eX1NzKh07J6VKR3AoXXXEk6CqZMojiVDSZi1SlmKVdg==

"@esbuild/linux-loong64@0.18.17":
  version "0.18.17"
  resolved "https://registry.npmmirror.com/@esbuild/linux-loong64/-/linux-loong64-0.18.17.tgz#cdc60304830be1e74560c704bfd72cab8a02fa06"
  integrity sha512-EvLsxCk6ZF0fpCB6w6eOI2Fc8KW5N6sHlIovNe8uOFObL2O+Mr0bflPHyHwLT6rwMg9r77WOAWb2FqCQrVnwFg==

"@esbuild/linux-mips64el@0.18.17":
  version "0.18.17"
  resolved "https://registry.npmmirror.com/@esbuild/linux-mips64el/-/linux-mips64el-0.18.17.tgz#c367b2855bb0902f5576291a2049812af2088086"
  integrity sha512-e0bIdHA5p6l+lwqTE36NAW5hHtw2tNRmHlGBygZC14QObsA3bD4C6sXLJjvnDIjSKhW1/0S3eDy+QmX/uZWEYQ==

"@esbuild/linux-ppc64@0.18.17":
  version "0.18.17"
  resolved "https://registry.npmmirror.com/@esbuild/linux-ppc64/-/linux-ppc64-0.18.17.tgz#7fdc0083d42d64a4651711ee0a7964f489242f45"
  integrity sha512-BAAilJ0M5O2uMxHYGjFKn4nJKF6fNCdP1E0o5t5fvMYYzeIqy2JdAP88Az5LHt9qBoUa4tDaRpfWt21ep5/WqQ==

"@esbuild/linux-riscv64@0.18.17":
  version "0.18.17"
  resolved "https://registry.npmmirror.com/@esbuild/linux-riscv64/-/linux-riscv64-0.18.17.tgz#5198a417f3f5b86b10c95647b8bc032e5b6b2b1c"
  integrity sha512-Wh/HW2MPnC3b8BqRSIme/9Zhab36PPH+3zam5pqGRH4pE+4xTrVLx2+XdGp6fVS3L2x+DrsIcsbMleex8fbE6g==

"@esbuild/linux-s390x@0.18.17":
  version "0.18.17"
  resolved "https://registry.npmmirror.com/@esbuild/linux-s390x/-/linux-s390x-0.18.17.tgz#7459c2fecdee2d582f0697fb76a4041f4ad1dd1e"
  integrity sha512-j/34jAl3ul3PNcK3pfI0NSlBANduT2UO5kZ7FCaK33XFv3chDhICLY8wJJWIhiQ+YNdQ9dxqQctRg2bvrMlYgg==

"@esbuild/linux-x64@0.18.17":
  version "0.18.17"
  resolved "https://registry.npmmirror.com/@esbuild/linux-x64/-/linux-x64-0.18.17.tgz#948cdbf46d81c81ebd7225a7633009bc56a4488c"
  integrity sha512-QM50vJ/y+8I60qEmFxMoxIx4de03pGo2HwxdBeFd4nMh364X6TIBZ6VQ5UQmPbQWUVWHWws5MmJXlHAXvJEmpQ==

"@esbuild/netbsd-x64@0.18.17":
  version "0.18.17"
  resolved "https://registry.npmmirror.com/@esbuild/netbsd-x64/-/netbsd-x64-0.18.17.tgz#6bb89668c0e093c5a575ded08e1d308bd7fd63e7"
  integrity sha512-/jGlhWR7Sj9JPZHzXyyMZ1RFMkNPjC6QIAan0sDOtIo2TYk3tZn5UDrkE0XgsTQCxWTTOcMPf9p6Rh2hXtl5TQ==

"@esbuild/openbsd-x64@0.18.17":
  version "0.18.17"
  resolved "https://registry.npmmirror.com/@esbuild/openbsd-x64/-/openbsd-x64-0.18.17.tgz#abac2ae75fef820ef6c2c48da4666d092584c79d"
  integrity sha512-rSEeYaGgyGGf4qZM2NonMhMOP/5EHp4u9ehFiBrg7stH6BYEEjlkVREuDEcQ0LfIl53OXLxNbfuIj7mr5m29TA==

"@esbuild/sunos-x64@0.18.17":
  version "0.18.17"
  resolved "https://registry.npmmirror.com/@esbuild/sunos-x64/-/sunos-x64-0.18.17.tgz#74a45fe1db8ea96898f1a9bb401dcf1dadfc8371"
  integrity sha512-Y7ZBbkLqlSgn4+zot4KUNYst0bFoO68tRgI6mY2FIM+b7ZbyNVtNbDP5y8qlu4/knZZ73fgJDlXID+ohY5zt5g==

"@esbuild/win32-arm64@0.18.17":
  version "0.18.17"
  resolved "https://registry.npmmirror.com/@esbuild/win32-arm64/-/win32-arm64-0.18.17.tgz#fd95ffd217995589058a4ed8ac17ee72a3d7f615"
  integrity sha512-bwPmTJsEQcbZk26oYpc4c/8PvTY3J5/QK8jM19DVlEsAB41M39aWovWoHtNm78sd6ip6prilxeHosPADXtEJFw==

"@esbuild/win32-ia32@0.18.17":
  version "0.18.17"
  resolved "https://registry.npmmirror.com/@esbuild/win32-ia32/-/win32-ia32-0.18.17.tgz#9b7ef5d0df97593a80f946b482e34fcba3fa4aaf"
  integrity sha512-H/XaPtPKli2MhW+3CQueo6Ni3Avggi6hP/YvgkEe1aSaxw+AeO8MFjq8DlgfTd9Iz4Yih3QCZI6YLMoyccnPRg==

"@esbuild/win32-x64@0.18.17":
  version "0.18.17"
  resolved "https://registry.npmmirror.com/@esbuild/win32-x64/-/win32-x64-0.18.17.tgz#bcb2e042631b3c15792058e189ed879a22b2968b"
  integrity sha512-fGEb8f2BSA3CW7riJVurug65ACLuQAzKq0SSqkY2b2yHHH0MzDfbLyKIGzHwOI/gkHcxM/leuSW6D5w/LMNitA==

"@mvc-works/codearea@^0.0.3":
  version "0.0.3"
  resolved "https://registry.npmmirror.com/@mvc-works/codearea/-/codearea-0.0.3.tgz#88c2d0ae0644f9053adce423f9dc1bcba773adbe"
  integrity sha512-gqPQ/PIwsqoI9mF09NDMiFd5OtKMfS4QAEYvDdrE0FzE4XoiUph3S/pGHfmzErncCdGxNtix4Q7iyvRe3qB/zA==

bottom-tip@^0.1.5:
  version "0.1.5"
  resolved "https://registry.npmmirror.com/bottom-tip/-/bottom-tip-0.1.5.tgz#ca81e738fba6ae956a5b4c55a78a127820c9b99e"
  integrity sha512-53RCkWg6hY8M7Y9lPgU2f2bAEejQh0H6SCL9B8ufFdYAOAH/cUEwxSsBIH0AcPbOcNaSgdEJr9OhdnTUENe5bA==
  dependencies:
    nanoid "^4.0.1"
    virtual-dom "^2.1.1"

browser-split@0.0.1:
  version "0.0.1"
  resolved "https://registry.npmmirror.com/browser-split/-/browser-split-0.0.1.tgz#7b097574f8e3ead606fb4664e64adfdda2981a93"
  integrity sha512-JhvgRb2ihQhsljNda3BI8/UcRHVzrVwo3Q+P8vDtSiyobXuFpuZ9mq+MbRGMnC22CjW3RrfXdg6j6ITX8M+7Ow==

camelize@^1.0.0:
  version "1.0.1"
  resolved "https://registry.npmmirror.com/camelize/-/camelize-1.0.1.tgz#89b7e16884056331a35d6b5ad064332c91daa6c3"
  integrity sha512-dU+Tx2fsypxTgtLoE36npi3UqcjSSMNYfkqgmoEhtZrraP5VWq0K7FkWVTYa8eMPtnU/G2txVsfdCJTn9uzpuQ==

classnames@^2.2.5:
  version "2.3.2"
  resolved "https://registry.npmmirror.com/classnames/-/classnames-2.3.2.tgz#351d813bf0137fcc6a76a16b88208d2560a0d924"
  integrity sha512-CSbhY4cFEJRe6/GQzIk5qXZ4Jeg5pcsP7b5peFSDpffpe1cqjASH/n9UTjBwOp6XpMSTwQ8Za2K5V02ueA7Tmw==

coffeescript@1.12.7:
  version "1.12.7"
  resolved "https://registry.npmmirror.com/coffeescript/-/coffeescript-1.12.7.tgz#e57ee4c4867cf7f606bfc4a0f2d550c0981ddd27"
  integrity sha512-pLXHFxQMPklVoEekowk8b3erNynC+DVJzChxS/LCBBgR6/8AJkHivkm//zbowcfc7BTCAjryuhx6gPqPRfsFoA==

coffeescript@^2.7.0:
  version "2.7.0"
  resolved "https://registry.npmmirror.com/coffeescript/-/coffeescript-2.7.0.tgz#a43ec03be6885d6d1454850ea70b9409c391279c"
  integrity sha512-hzWp6TUE2d/jCcN67LrW1eh5b/rSDKQK6oD6VMLlggYVUUFexgTH9z3dNYihzX4RMhze5FTUsUmOXViJKFQR/A==

commander@latest:
  version "11.0.0"
  resolved "https://registry.npmmirror.com/commander/-/commander-11.0.0.tgz#43e19c25dbedc8256203538e8d7e9346877a6f67"
  integrity sha512-9HMlXtt/BNoYr8ooyjjNRdIilOTkVJXB+GhxMTtOKwk0R4j4lS4NpjuqmRxroBfnfTSHQIHQB7wryHhXarNjmQ==

copy-text-to-clipboard@^3.2.0:
  version "3.2.0"
  resolved "https://registry.npmmirror.com/copy-text-to-clipboard/-/copy-text-to-clipboard-3.2.0.tgz#0202b2d9bdae30a49a53f898626dcc3b49ad960b"
  integrity sha512-RnJFp1XR/LOBDckxTib5Qjr/PMfkatD0MUCQgdpqS8MdKiNUzBjAQBEN6oUy+jW7LI93BBG3DtMB2KOOKpGs2Q==

core-js@^3.1.3:
  version "3.32.0"
  resolved "https://registry.npmmirror.com/core-js/-/core-js-3.32.0.tgz#7643d353d899747ab1f8b03d2803b0312a0fb3b6"
  integrity sha512-rd4rYZNlF3WuoYuRIDEmbR/ga9CeuWX9U05umAvgrrZoHY4Z++cp/xwPQMvUpBB4Ag6J8KfD80G0zwCyaSxDww==

cson-parser@^4.0.5, cson-parser@^4.0.9:
  version "4.0.9"
  resolved "https://registry.npmmirror.com/cson-parser/-/cson-parser-4.0.9.tgz#eef0cf77edd057f97861ef800300c8239224eedb"
  integrity sha512-I79SAcCYquWnEfXYj8hBqOOWKj6eH6zX1hhX3yqmS4K3bYp7jME3UFpHPzu3rUew0oyfc0s8T6IlWGXRAheHag==
  dependencies:
    coffeescript "1.12.7"

cson@^7.20.0:
  version "7.20.0"
  resolved "https://registry.npmmirror.com/cson/-/cson-7.20.0.tgz#638f7ef2bd108151484d6f6613ae2717b4156226"
  integrity sha512-K7g/86vC77mJqi6PRFhd3p8U/y0R6SsCeTJb5RpOAaQdApHxCoK5JwfZ8WeJjpOZ6lyyi8tNvh3UuC184H3GWg==
  dependencies:
    cson-parser "^4.0.5"
    extract-opts "^4.3.0"
    requirefresh "^4.12.0"
    safefs "^6.12.0"

dom-walk@^0.1.0:
  version "0.1.2"
  resolved "https://registry.npmmirror.com/dom-walk/-/dom-walk-0.1.2.tgz#0c548bef048f4d1f2a97249002236060daa3fd84"
  integrity sha512-6QvTW9mrGeIegrFXdtQi9pk7O/nSK6lSdXW2eqUspN5LWD7UTji2Fqw5V2YLjBpHEoU9Xl/eUWNpDeZvoyOv2w==

eachr@^4.5.0:
  version "4.5.0"
  resolved "https://registry.npmmirror.com/eachr/-/eachr-4.5.0.tgz#495eb3aab6a41811da1e04e510424df32075cf04"
  integrity sha512-9I664RWp6p8jvcHZIwo7bWaiSaUmA1wNSLKwNZEiaYjqiTARq3cGjyRiIunsopZv4QMmX3T5Hs17QoPAzdYxfg==
  dependencies:
    typechecker "^6.2.0"

equals@latest:
  version "1.0.5"
  resolved "https://registry.npmmirror.com/equals/-/equals-1.0.5.tgz#212062dde5e1a510d955f13598efcc6a621b6ace"
  integrity sha512-wI15a6ZoaaXPv+55+Vh2Kqn3+efKRv8QPtcGTjW5xmanMnQzESdAt566jevtMZyt3W/jwLDTzXpMph5ECDJ2zg==
  dependencies:
    jkroso-type "1"

error@^4.3.0:
  version "4.4.0"
  resolved "https://registry.npmmirror.com/error/-/error-4.4.0.tgz#bf69ff251fb4a279c19adccdaa6b61e90d9bf12a"
  integrity sha512-SNDKualLUtT4StGFP7xNfuFybL2f6iJujFtrWuvJqGbVQGaN+adE23veqzPz1hjUjTunLi2EnJ+0SJxtbJreKw==
  dependencies:
    camelize "^1.0.0"
    string-template "~0.2.0"
    xtend "~4.0.0"

esbuild@^0.18.10:
  version "0.18.17"
  resolved "https://registry.npmmirror.com/esbuild/-/esbuild-0.18.17.tgz#2aaf6bc6759b0c605777fdc435fea3969e091cad"
  integrity sha512-1GJtYnUxsJreHYA0Y+iQz2UEykonY66HNWOb0yXYZi9/kNrORUEHVg87eQsCtqh59PEJ5YVZJO98JHznMJSWjg==
  optionalDependencies:
    "@esbuild/android-arm" "0.18.17"
    "@esbuild/android-arm64" "0.18.17"
    "@esbuild/android-x64" "0.18.17"
    "@esbuild/darwin-arm64" "0.18.17"
    "@esbuild/darwin-x64" "0.18.17"
    "@esbuild/freebsd-arm64" "0.18.17"
    "@esbuild/freebsd-x64" "0.18.17"
    "@esbuild/linux-arm" "0.18.17"
    "@esbuild/linux-arm64" "0.18.17"
    "@esbuild/linux-ia32" "0.18.17"
    "@esbuild/linux-loong64" "0.18.17"
    "@esbuild/linux-mips64el" "0.18.17"
    "@esbuild/linux-ppc64" "0.18.17"
    "@esbuild/linux-riscv64" "0.18.17"
    "@esbuild/linux-s390x" "0.18.17"
    "@esbuild/linux-x64" "0.18.17"
    "@esbuild/netbsd-x64" "0.18.17"
    "@esbuild/openbsd-x64" "0.18.17"
    "@esbuild/sunos-x64" "0.18.17"
    "@esbuild/win32-arm64" "0.18.17"
    "@esbuild/win32-ia32" "0.18.17"
    "@esbuild/win32-x64" "0.18.17"

ev-store@^7.0.0:
  version "7.0.0"
  resolved "https://registry.npmmirror.com/ev-store/-/ev-store-7.0.0.tgz#1ab0c7f82136505dd74b31d17701cb2be6d26558"
  integrity sha512-otazchNRnGzp2YarBJ+GXKVGvhxVATB1zmaStxJBYet0Dyq7A9VhH8IUEB/gRcL6Ch52lfpgPTRJ2m49epyMsQ==
  dependencies:
    individual "^3.0.0"

extract-opts@^4.3.0:
  version "4.3.0"
  resolved "https://registry.npmmirror.com/extract-opts/-/extract-opts-4.3.0.tgz#ee0a797249abb77e449bdaaba66ebeff4775505e"
  integrity sha512-Dmssi1tgKJkQsVmbP7TgW/kbdc42SAsNf6h9ClweP+dS7O24YYMTXsNwPelxhx0LF15npiWwY5ahKtyQiNgxWA==
  dependencies:
    eachr "^4.5.0"
    typechecker "^6.2.0"

feather-icons@^4.29.0:
  version "4.29.0"
  resolved "https://registry.npmmirror.com/feather-icons/-/feather-icons-4.29.0.tgz#4e40e3cbb7bf359ffbbf700edbebdde4e4a74ab6"
  integrity sha512-Y7VqN9FYb8KdaSF0qD1081HCkm0v4Eq/fpfQYQnubpqi0hXx14k+gF9iqtRys1SIcTEi97xDi/fmsPFZ8xo0GQ==
  dependencies:
    classnames "^2.2.5"
    core-js "^3.1.3"

fsevents@~2.3.2:
  version "2.3.2"
  resolved "https://registry.npmmirror.com/fsevents/-/fsevents-2.3.2.tgz#8a526f78b8fdf4623b709e0b975c52c24c02fd1a"
  integrity sha512-xiqMQR4xAeHTuB9uWm+fFRcIOgKBMiOBP+eXiyT7jsgVCq1bkVygt00oASowB7EdtpOHaaPgKt812P9ab+DDKA==

global@^4.3.0:
  version "4.4.0"
  resolved "https://registry.npmmirror.com/global/-/global-4.4.0.tgz#3e7b105179006a323ed71aafca3e9c57a5cc6406"
  integrity sha512-wv/LAoHdRE3BeTGz53FAamhGlPLhlssK45usmGFThIi4XqnBmjKQ16u+RNbP7WvigRZDxUsM0J3gcQ5yicaL0w==
  dependencies:
    min-document "^2.19.0"
    process "^0.11.10"

graceful-fs@^4.2.6:
  version "4.2.11"
  resolved "https://registry.npmmirror.com/graceful-fs/-/graceful-fs-4.2.11.tgz#4183e4e8bf08bb6e05bbb2f7d2e0c8f712ca40e3"
  integrity sha512-RbJ5/jmFcNNCcDV5o9eTnBLJ/HszWV0P73bc+Ff4nS/rJj+YaS6IGyiOL0VoBYX+l1Wrl3k63h/KrH+nhJ0XvQ==

individual@^3.0.0:
  version "3.0.0"
  resolved "https://registry.npmmirror.com/individual/-/individual-3.0.0.tgz#e7ca4f85f8957b018734f285750dc22ec2f9862d"
  integrity sha512-rUY5vtT748NMRbEMrTNiFfy29BgGZwGXUi2NFUVMWQrogSLzlJvQV9eeMWi+g1aVaQ53tpyLAQtd5x/JH0Nh1g==

is-object@^1.0.1:
  version "1.0.2"
  resolved "https://registry.npmmirror.com/is-object/-/is-object-1.0.2.tgz#a56552e1c665c9e950b4a025461da87e72f86fcf"
  integrity sha512-2rRIahhZr2UWb45fIOuvZGpFtz0TyOZLf32KxBbSoUCeZR495zCKlWUKKUByk3geS2eAs7ZAABt0Y/Rx0GiQGA==

jkroso-type@1:
  version "1.1.1"
  resolved "https://registry.npmmirror.com/jkroso-type/-/jkroso-type-1.1.1.tgz#bc4ced6d6c45fe0745282bafc86a9f8c4fc9ce61"
  integrity sha512-zZgay+fPG6PgMUrpyFADmQmvLo39+AZa7Gc5pZhev2RhDxwANEq2etwD8d0e6rTg5NkwOIlQmaEmns3draC6Ng==

jsedn@^0.4.1:
  version "0.4.1"
  resolved "https://registry.npmmirror.com/jsedn/-/jsedn-0.4.1.tgz#5155f567450a7b94078414efdda90338a5d339c1"
  integrity sha512-ZzdF1smvJyiydoBJFYbXLx52wz6VIaAyDT4fGTmtdP6B7zrGCBzUI/0+QFIKoUmwgbHPSpzljdjkbHQHKWf8CQ==
  dependencies:
    commander latest
    equals latest
    type-component latest

min-document@^2.19.0:
  version "2.19.0"
  resolved "https://registry.npmmirror.com/min-document/-/min-document-2.19.0.tgz#7bd282e3f5842ed295bb748cdd9f1ffa2c824685"
  integrity sha512-9Wy1B3m3f66bPPmU5hdA4DR4PB2OfDU/+GS3yAB7IQozE3tqXaVv2zOjgla7MEGSRv95+ILmOuvhLkOK6wJtCQ==
  dependencies:
    dom-walk "^0.1.0"

nanoid@^2.1.0:
  version "2.1.11"
  resolved "https://registry.npmmirror.com/nanoid/-/nanoid-2.1.11.tgz#ec24b8a758d591561531b4176a01e3ab4f0f0280"
  integrity sha512-s/snB+WGm6uwi0WjsZdaVcuf3KJXlfGl2LcxgwkEwJF0D/BWzVWAZW/XY4bFaiR7s0Jk3FPvlnepg1H1b1UwlA==

nanoid@^3.3.6:
  version "3.3.6"
  resolved "https://registry.npmmirror.com/nanoid/-/nanoid-3.3.6.tgz#443380c856d6e9f9824267d960b4236ad583ea4c"
  integrity sha512-BGcqMMJuToF7i1rt+2PWSNVnWIkGCU78jBG3RxO/bZlnZPK2Cmi2QaffxGO/2RvWi9sL+FAiRiXMgsyxQ1DIDA==

nanoid@^4.0.1:
  version "4.0.2"
  resolved "https://registry.npmmirror.com/nanoid/-/nanoid-4.0.2.tgz#140b3c5003959adbebf521c170f282c5e7f9fb9e"
  integrity sha512-7ZtY5KTCNheRGfEFxnedV5zFiORN1+Y1N6zvPTnHQd8ENUvfaDBeuJDZb2bN/oXwXxu3qkTXDzy57W5vAmDTBw==

next-tick@^0.2.2:
  version "0.2.2"
  resolved "https://registry.npmmirror.com/next-tick/-/next-tick-0.2.2.tgz#75da4a927ee5887e39065880065b7336413b310d"
  integrity sha512-f7h4svPtl+QidoBv4taKXUjJ70G2asaZ8G28nS0OkqaalX8dwwrtWtyxEDPK62AC00ur/+/E0pUwBwY5EPn15Q==

picocolors@^1.0.0:
  version "1.0.0"
  resolved "https://registry.npmmirror.com/picocolors/-/picocolors-1.0.0.tgz#cb5bdc74ff3f51892236eaf79d68bc44564ab81c"
  integrity sha512-1fygroTLlHu66zi26VoTDv8yRgm0Fccecssto+MhsZ0D/DGW2sm8E8AjW7NU5VVTRt5GxbeZ5qBuJr+HyLYkjQ==

postcss@^8.4.26:
  version "8.4.27"
  resolved "https://registry.npmmirror.com/postcss/-/postcss-8.4.27.tgz#234d7e4b72e34ba5a92c29636734349e0d9c3057"
  integrity sha512-gY/ACJtJPSmUFPDCHtX78+01fHa64FaU4zaaWfuh1MhGJISufJAH4cun6k/8fwsHYeK4UQmENQK+tRLCFJE8JQ==
  dependencies:
    nanoid "^3.3.6"
    picocolors "^1.0.0"
    source-map-js "^1.0.2"

process@^0.11.10:
  version "0.11.10"
  resolved "https://registry.npmmirror.com/process/-/process-0.11.10.tgz#7332300e840161bda3e69a1d1d91a7d4bc16f182"
  integrity sha512-cdGef/drWFoydD1JsMzuFf8100nZl+GT+yacc2bEced5f9Rjk4z+WtFUTBu9PhOi9j/jfmBPu0mMEY4wIdAF8A==

requirefresh@^4.12.0:
  version "4.13.0"
  resolved "https://registry.npmmirror.com/requirefresh/-/requirefresh-4.13.0.tgz#bd4edaf45bf0194cbccecbc444794d1012604f21"
  integrity sha512-APrzWWxqnwE2Bz3ysFepAU0Dc0aYjn8jsDLFIegedn+KVCS9LykAclkf+6YaJXk3ON9l6QAm04rN+bEA89cGIg==

rollup@^3.25.2:
  version "3.27.0"
  resolved "https://registry.npmmirror.com/rollup/-/rollup-3.27.0.tgz#15bd07e2e1cbfa9255bf6a3f04a432621c2f3550"
  integrity sha512-aOltLCrYZ0FhJDm7fCqwTjIUEVjWjcydKBV/Zeid6Mn8BWgDCUBBWT5beM5ieForYNo/1ZHuGJdka26kvQ3Gzg==
  optionalDependencies:
    fsevents "~2.3.2"

safefs@^6.12.0:
  version "6.16.0"
  resolved "https://registry.npmmirror.com/safefs/-/safefs-6.16.0.tgz#e1901c0ea1e8926289bd8d5383a65ce21bb44d2f"
  integrity sha512-IUIN5h+r2acNVkbsM5VoBUsRnaSFwQFZnzyvQsiLlgFsncLi7rrtmM4FsEgwv+xDTJzsrp79rd+/GJu2zWcR9w==
  dependencies:
    graceful-fs "^4.2.6"

shortid@^2.2.16:
  version "2.2.16"
  resolved "https://registry.npmmirror.com/shortid/-/shortid-2.2.16.tgz#b742b8f0cb96406fd391c76bfc18a67a57fe5608"
  integrity sha512-Ugt+GIZqvGXCIItnsL+lvFJOiN7RYqlGy7QE41O3YC1xbNSeDGIRO7xg2JJXIAj1cAGnOeC1r7/T9pgrtQbv4g==
  dependencies:
    nanoid "^2.1.0"

source-map-js@^1.0.2:
  version "1.0.2"
  resolved "https://registry.npmmirror.com/source-map-js/-/source-map-js-1.0.2.tgz#adbc361d9c62df380125e7f161f71c826f1e490c"
  integrity sha512-R0XvVJ9WusLiqTCEiGCmICCMplcCkIwwR11mOSD9CR5u+IXYdiseeEuXCVAjS54zqwkLcPNnmU4OeJ6tUrWhDw==

string-template@~0.2.0:
  version "0.2.1"
  resolved "https://registry.npmmirror.com/string-template/-/string-template-0.2.1.tgz#42932e598a352d01fc22ec3367d9d84eec6c9add"
  integrity sha512-Yptehjogou2xm4UJbxJ4CxgZx12HBfeystp0y3x7s4Dj32ltVVG1Gg8YhKjHZkHicuKpZX/ffilA8505VbUbpw==

type-component@latest:
  version "0.0.1"
  resolved "https://registry.npmmirror.com/type-component/-/type-component-0.0.1.tgz#952a6c81c21efd24d13d811d0c8498cb860e1956"
  integrity sha512-mDZRBQS2yZkwRQKfjJvQ8UIYJeBNNWCq+HBNstl9N5s9jZ4dkVYXEGkVPsSCEh5Ld4JM1kmrZTzjnrqSAIQ7dw==

typechecker@^6.2.0:
  version "6.4.0"
  resolved "https://registry.npmmirror.com/typechecker/-/typechecker-6.4.0.tgz#c087dc744c5a0f17524d58a17eb31a9660ab7324"
  integrity sha512-EbOu+9szY13mhl0EsvLXnR+pTCa3gTHQQPLdce72ujcC9fRHXlVFBNXtHeRhgzLxLlKUh4zA9C0tezLDgshf+A==

virtual-dom@^2.1.1:
  version "2.1.1"
  resolved "https://registry.npmmirror.com/virtual-dom/-/virtual-dom-2.1.1.tgz#80eda2d481b9ede0c049118cefcb4a05f21d1375"
  integrity sha512-wb6Qc9Lbqug0kRqo/iuApfBpJJAq14Sk1faAnSmtqXiwahg7PVTvWMs9L02Z8nNIMqbwsxzBAA90bbtRLbw0zg==
  dependencies:
    browser-split "0.0.1"
    error "^4.3.0"
    ev-store "^7.0.0"
    global "^4.3.0"
    is-object "^1.0.1"
    next-tick "^0.2.2"
    x-is-array "0.1.0"
    x-is-string "0.1.0"

vite@^4.4.7:
  version "4.4.7"
  resolved "https://registry.npmmirror.com/vite/-/vite-4.4.7.tgz#71b8a37abaf8d50561aca084dbb77fa342824154"
  integrity sha512-6pYf9QJ1mHylfVh39HpuSfMPojPSKVxZvnclX1K1FyZ1PXDOcLBibdq5t1qxJSnL63ca8Wf4zts6mD8u8oc9Fw==
  dependencies:
    esbuild "^0.18.10"
    postcss "^8.4.26"
    rollup "^3.25.2"
  optionalDependencies:
    fsevents "~2.3.2"

x-is-array@0.1.0:
  version "0.1.0"
  resolved "https://registry.npmmirror.com/x-is-array/-/x-is-array-0.1.0.tgz#de520171d47b3f416f5587d629b89d26b12dc29d"
  integrity sha512-goHPif61oNrr0jJgsXRfc8oqtYzvfiMJpTqwE7Z4y9uH+T3UozkGqQ4d2nX9mB9khvA8U2o/UbPOFjgC7hLWIA==

x-is-string@0.1.0:
  version "0.1.0"
  resolved "https://registry.npmmirror.com/x-is-string/-/x-is-string-0.1.0.tgz#474b50865af3a49a9c4657f05acd145458f77d82"
  integrity sha512-GojqklwG8gpzOVEVki5KudKNoq7MbbjYZCbyWzEz7tyPA7eleiE0+ePwOWQQRb5fm86rD3S8Tc0tSFf3AOv50w==

xtend@~4.0.0:
  version "4.0.2"
  resolved "https://registry.npmmirror.com/xtend/-/xtend-4.0.2.tgz#bb72779f5fa465186b1f438f674fa347fdb5db54"
  integrity sha512-LKYU1iAXJXUgAXn9URjiu+MWhyUXHsvfp7mcuYm9dSUKK0/CjtrUwFAxD82/mCWbtLsGjFIad0wIsod4zrTAEQ==
